// !$*UTF8*$!
{
	archiveVersion = 1;
	classes = {
	};
	objectVersion = 56;
	objects = {

/* Begin PBXBuildFile section */
		0A190B6A2A44222D00A069B7 /* Toast.swift in Sources */ = {isa = PBXBuildFile; fileRef = 0A190B692A44222D00A069B7 /* Toast.swift */; };
		4E14CF392BD29EE600EC33EB /* PrivacyInfo.xcprivacy in Resources */ = {isa = PBXBuildFile; fileRef = 4E14CF382BD29EE600EC33EB /* PrivacyInfo.xcprivacy */; };
		55A3D31A5FCF23B06725808C /* Pods_GCMessengerSDKSample.framework in Frameworks */ = {isa = PBXBuildFile; fileRef = 240BBCFE12D059E7D7CEEADE /* Pods_GCMessengerSDKSample.framework */; };
		AF9463B5285B4940000CCF10 /* AppDelegate.swift in Sources */ = {isa = PBXBuildFile; fileRef = AF9463B4285B4940000CCF10 /* AppDelegate.swift */; };
		AF9463B9285B4940000CCF10 /* ChatWrapperViewController.swift in Sources */ = {isa = PBXBuildFile; fileRef = AF9463B8285B4940000CCF10 /* ChatWrapperViewController.swift */; };
		AF9463BC285B4940000CCF10 /* Main.storyboard in Resources */ = {isa = PBXBuildFile; fileRef = AF9463BA285B4940000CCF10 /* Main.storyboard */; };
		AF9463BE285B4943000CCF10 /* Assets.xcassets in Resources */ = {isa = PBXBuildFile; fileRef = AF9463BD285B4943000CCF10 /* Assets.xcassets */; };
		AF9463C1285B4943000CCF10 /* LaunchScreen.storyboard in Resources */ = {isa = PBXBuildFile; fileRef = AF9463BF285B4943000CCF10 /* LaunchScreen.storyboard */; };
		FC341F07286ADD73007599BD /* AccountDetailsViewController.swift in Sources */ = {isa = PBXBuildFile; fileRef = FC9AA5D1286858C900E6A2E2 /* AccountDetailsViewController.swift */; };
		FC341F08286ADD80007599BD /* UserDefaults+Extensions.swift in Sources */ = {isa = PBXBuildFile; fileRef = FC341F05286ADA87007599BD /* UserDefaults+Extensions.swift */; };
		FC341F0B286C771E007599BD /* UITextField+Extensions.swift in Sources */ = {isa = PBXBuildFile; fileRef = FC341F0A286C771E007599BD /* UITextField+Extensions.swift */; };
		FCA1D06329C887E200F33710 /* UIApplication+Extensions.swift in Sources */ = {isa = PBXBuildFile; fileRef = FCA1D06229C887E200F33710 /* UIApplication+Extensions.swift */; };
		FCA44FCA2AADB6730024B4E9 /* String+Extensions.swift in Sources */ = {isa = PBXBuildFile; fileRef = FCA44FC92AADB6730024B4E9 /* String+Extensions.swift */; };
/* End PBXBuildFile section */

/* Begin PBXFileReference section */
		0A190B692A44222D00A069B7 /* Toast.swift */ = {isa = PBXFileReference; fileEncoding = 4; lastKnownFileType = sourcecode.swift; name = Toast.swift; path = Helper/Toast.swift; sourceTree = "<group>"; };
		240BBCFE12D059E7D7CEEADE /* Pods_GCMessengerSDKSample.framework */ = {isa = PBXFileReference; explicitFileType = wrapper.framework; includeInIndex = 0; path = Pods_GCMessengerSDKSample.framework; sourceTree = BUILT_PRODUCTS_DIR; };
		4E14CF382BD29EE600EC33EB /* PrivacyInfo.xcprivacy */ = {isa = PBXFileReference; lastKnownFileType = text.xml; path = PrivacyInfo.xcprivacy; sourceTree = "<group>"; };
		979FBC115B3141050E6649D3 /* Pods-GCMessengerSDKSample.debug.xcconfig */ = {isa = PBXFileReference; includeInIndex = 1; lastKnownFileType = text.xcconfig; name = "Pods-GCMessengerSDKSample.debug.xcconfig"; path = "Target Support Files/Pods-GCMessengerSDKSample/Pods-GCMessengerSDKSample.debug.xcconfig"; sourceTree = "<group>"; };
		AF9463B1285B4940000CCF10 /* GCMessengerSDKSample.app */ = {isa = PBXFileReference; explicitFileType = wrapper.application; includeInIndex = 0; path = GCMessengerSDKSample.app; sourceTree = BUILT_PRODUCTS_DIR; };
		AF9463B4285B4940000CCF10 /* AppDelegate.swift */ = {isa = PBXFileReference; lastKnownFileType = sourcecode.swift; path = AppDelegate.swift; sourceTree = "<group>"; };
		AF9463B8285B4940000CCF10 /* ChatWrapperViewController.swift */ = {isa = PBXFileReference; lastKnownFileType = sourcecode.swift; path = ChatWrapperViewController.swift; sourceTree = "<group>"; };
		AF9463BB285B4940000CCF10 /* Base */ = {isa = PBXFileReference; lastKnownFileType = file.storyboard; name = Base; path = Base.lproj/Main.storyboard; sourceTree = "<group>"; };
		AF9463BD285B4943000CCF10 /* Assets.xcassets */ = {isa = PBXFileReference; lastKnownFileType = folder.assetcatalog; path = Assets.xcassets; sourceTree = "<group>"; };
		AF9463C0285B4943000CCF10 /* Base */ = {isa = PBXFileReference; lastKnownFileType = file.storyboard; name = Base; path = Base.lproj/LaunchScreen.storyboard; sourceTree = "<group>"; };
		AF9463C2285B4943000CCF10 /* Info.plist */ = {isa = PBXFileReference; lastKnownFileType = text.plist.xml; path = Info.plist; sourceTree = "<group>"; };
		D6117226644D926767D09E05 /* Pods-GCMessengerSDKSample.release.xcconfig */ = {isa = PBXFileReference; includeInIndex = 1; lastKnownFileType = text.xcconfig; name = "Pods-GCMessengerSDKSample.release.xcconfig"; path = "Target Support Files/Pods-GCMessengerSDKSample/Pods-GCMessengerSDKSample.release.xcconfig"; sourceTree = "<group>"; };
		FC341F05286ADA87007599BD /* UserDefaults+Extensions.swift */ = {isa = PBXFileReference; lastKnownFileType = sourcecode.swift; path = "UserDefaults+Extensions.swift"; sourceTree = "<group>"; };
		FC341F0A286C771E007599BD /* UITextField+Extensions.swift */ = {isa = PBXFileReference; lastKnownFileType = sourcecode.swift; path = "UITextField+Extensions.swift"; sourceTree = "<group>"; };
		FC9AA5D1286858C900E6A2E2 /* AccountDetailsViewController.swift */ = {isa = PBXFileReference; lastKnownFileType = sourcecode.swift; path = AccountDetailsViewController.swift; sourceTree = "<group>"; };
		FCA1D06229C887E200F33710 /* UIApplication+Extensions.swift */ = {isa = PBXFileReference; lastKnownFileType = sourcecode.swift; path = "UIApplication+Extensions.swift"; sourceTree = "<group>"; };
		FCA44FC92AADB6730024B4E9 /* String+Extensions.swift */ = {isa = PBXFileReference; lastKnownFileType = sourcecode.swift; path = "String+Extensions.swift"; sourceTree = "<group>"; };
/* End PBXFileReference section */

/* Begin PBXFrameworksBuildPhase section */
		AF9463AE285B4940000CCF10 /* Frameworks */ = {
			isa = PBXFrameworksBuildPhase;
			buildActionMask = 2147483647;
			files = (
				55A3D31A5FCF23B06725808C /* Pods_GCMessengerSDKSample.framework in Frameworks */,
			);
			runOnlyForDeploymentPostprocessing = 0;
		};
/* End PBXFrameworksBuildPhase section */

/* Begin PBXGroup section */
		85E8012D421B86B013EB65E7 /* Frameworks */ = {
			isa = PBXGroup;
			children = (
				240BBCFE12D059E7D7CEEADE /* Pods_GCMessengerSDKSample.framework */,
			);
			name = Frameworks;
			sourceTree = "<group>";
		};
		9EB7896BFB4B7CF33E61D178 /* Pods */ = {
			isa = PBXGroup;
			children = (
				979FBC115B3141050E6649D3 /* Pods-GCMessengerSDKSample.debug.xcconfig */,
				D6117226644D926767D09E05 /* Pods-GCMessengerSDKSample.release.xcconfig */,
			);
			path = Pods;
			sourceTree = "<group>";
		};
		AF9463A8285B4940000CCF10 = {
			isa = PBXGroup;
			children = (
				AF9463B3285B4940000CCF10 /* GCMessengerSDKSample */,
				AF9463B2285B4940000CCF10 /* Products */,
				9EB7896BFB4B7CF33E61D178 /* Pods */,
				85E8012D421B86B013EB65E7 /* Frameworks */,
			);
			sourceTree = "<group>";
		};
		AF9463B2285B4940000CCF10 /* Products */ = {
			isa = PBXGroup;
			children = (
				AF9463B1285B4940000CCF10 /* GCMessengerSDKSample.app */,
			);
			name = Products;
			sourceTree = "<group>";
		};
		AF9463B3285B4940000CCF10 /* GCMessengerSDKSample */ = {
			isa = PBXGroup;
			children = (
				0A190B692A44222D00A069B7 /* Toast.swift */,
				AF9463B4285B4940000CCF10 /* AppDelegate.swift */,
				AF9463B8285B4940000CCF10 /* ChatWrapperViewController.swift */,
				FC341F09286C7709007599BD /* Extensions */,
				FC9AA5D1286858C900E6A2E2 /* AccountDetailsViewController.swift */,
				AF9463BA285B4940000CCF10 /* Main.storyboard */,
				AF9463BD285B4943000CCF10 /* Assets.xcassets */,
				AF9463BF285B4943000CCF10 /* LaunchScreen.storyboard */,
				AF9463C2285B4943000CCF10 /* Info.plist */,
				4E14CF382BD29EE600EC33EB /* PrivacyInfo.xcprivacy */,
			);
			path = GCMessengerSDKSample;
			sourceTree = "<group>";
		};
		FC341F09286C7709007599BD /* Extensions */ = {
			isa = PBXGroup;
			children = (
				FC341F05286ADA87007599BD /* UserDefaults+Extensions.swift */,
				FCA44FC92AADB6730024B4E9 /* String+Extensions.swift */,
				FCA1D06229C887E200F33710 /* UIApplication+Extensions.swift */,
				FC341F0A286C771E007599BD /* UITextField+Extensions.swift */,
			);
			path = Extensions;
			sourceTree = "<group>";
		};
/* End PBXGroup section */

/* Begin PBXNativeTarget section */
		AF9463B0285B4940000CCF10 /* GCMessengerSDKSample */ = {
			isa = PBXNativeTarget;
			buildConfigurationList = AF9463C5285B4943000CCF10 /* Build configuration list for PBXNativeTarget "GCMessengerSDKSample" */;
			buildPhases = (
				BB25308D836DAFD732CF1B61 /* [CP] Check Pods Manifest.lock */,
				AF9463AD285B4940000CCF10 /* Sources */,
				AF9463AE285B4940000CCF10 /* Frameworks */,
				AF9463AF285B4940000CCF10 /* Resources */,
				2795B189C3162380A8A9F0E3 /* [CP] Embed Pods Frameworks */,
				6C739CCEC8265AEBBAE9BF88 /* [CP] Copy Pods Resources */,
			);
			buildRules = (
			);
			dependencies = (
			);
			name = GCMessengerSDKSample;
			productName = GCMessengerSDKSample;
			productReference = AF9463B1285B4940000CCF10 /* GCMessengerSDKSample.app */;
			productType = "com.apple.product-type.application";
		};
/* End PBXNativeTarget section */

/* Begin PBXProject section */
		AF9463A9285B4940000CCF10 /* Project object */ = {
			isa = PBXProject;
			attributes = {
				BuildIndependentTargetsInParallel = 1;
				LastSwiftUpdateCheck = 1340;
				LastUpgradeCheck = 1340;
				TargetAttributes = {
					AF9463B0285B4940000CCF10 = {
						CreatedOnToolsVersion = 13.4.1;
					};
				};
			};
			buildConfigurationList = AF9463AC285B4940000CCF10 /* Build configuration list for PBXProject "GCMessengerSDKSample" */;
			compatibilityVersion = "Xcode 14.0";
			developmentRegion = en;
			hasScannedForEncodings = 0;
			knownRegions = (
				en,
				Base,
			);
			mainGroup = AF9463A8285B4940000CCF10;
			productRefGroup = AF9463B2285B4940000CCF10 /* Products */;
			projectDirPath = "";
			projectRoot = "";
			targets = (
				AF9463B0285B4940000CCF10 /* GCMessengerSDKSample */,
			);
		};
/* End PBXProject section */

/* Begin PBXResourcesBuildPhase section */
		AF9463AF285B4940000CCF10 /* Resources */ = {
			isa = PBXResourcesBuildPhase;
			buildActionMask = 2147483647;
			files = (
				AF9463C1285B4943000CCF10 /* LaunchScreen.storyboard in Resources */,
				AF9463BE285B4943000CCF10 /* Assets.xcassets in Resources */,
				4E14CF392BD29EE600EC33EB /* PrivacyInfo.xcprivacy in Resources */,
				AF9463BC285B4940000CCF10 /* Main.storyboard in Resources */,
			);
			runOnlyForDeploymentPostprocessing = 0;
		};
/* End PBXResourcesBuildPhase section */

/* Begin PBXShellScriptBuildPhase section */
		2795B189C3162380A8A9F0E3 /* [CP] Embed Pods Frameworks */ = {
			isa = PBXShellScriptBuildPhase;
			buildActionMask = 2147483647;
			files = (
			);
			inputFileListPaths = (
				"${PODS_ROOT}/Target Support Files/Pods-GCMessengerSDKSample/Pods-GCMessengerSDKSample-frameworks-${CONFIGURATION}-input-files.xcfilelist",
			);
			name = "[CP] Embed Pods Frameworks";
			outputFileListPaths = (
				"${PODS_ROOT}/Target Support Files/Pods-GCMessengerSDKSample/Pods-GCMessengerSDKSample-frameworks-${CONFIGURATION}-output-files.xcfilelist",
			);
			runOnlyForDeploymentPostprocessing = 0;
			shellPath = /bin/sh;
			shellScript = "\"${PODS_ROOT}/Target Support Files/Pods-GCMessengerSDKSample/Pods-GCMessengerSDKSample-frameworks.sh\"\n";
			showEnvVarsInLog = 0;
		};
		6C739CCEC8265AEBBAE9BF88 /* [CP] Copy Pods Resources */ = {
			isa = PBXShellScriptBuildPhase;
			buildActionMask = 2147483647;
			files = (
			);
			inputFileListPaths = (
				"${PODS_ROOT}/Target Support Files/Pods-GCMessengerSDKSample/Pods-GCMessengerSDKSample-resources-${CONFIGURATION}-input-files.xcfilelist",
			);
			name = "[CP] Copy Pods Resources";
			outputFileListPaths = (
				"${PODS_ROOT}/Target Support Files/Pods-GCMessengerSDKSample/Pods-GCMessengerSDKSample-resources-${CONFIGURATION}-output-files.xcfilelist",
			);
			runOnlyForDeploymentPostprocessing = 0;
			shellPath = /bin/sh;
			shellScript = "\"${PODS_ROOT}/Target Support Files/Pods-GCMessengerSDKSample/Pods-GCMessengerSDKSample-resources.sh\"\n";
			showEnvVarsInLog = 0;
		};
		BB25308D836DAFD732CF1B61 /* [CP] Check Pods Manifest.lock */ = {
			isa = PBXShellScriptBuildPhase;
			buildActionMask = 2147483647;
			files = (
			);
			inputFileListPaths = (
			);
			inputPaths = (
				"${PODS_PODFILE_DIR_PATH}/Podfile.lock",
				"${PODS_ROOT}/Manifest.lock",
			);
			name = "[CP] Check Pods Manifest.lock";
			outputFileListPaths = (
			);
			outputPaths = (
				"$(DERIVED_FILE_DIR)/Pods-GCMessengerSDKSample-checkManifestLockResult.txt",
			);
			runOnlyForDeploymentPostprocessing = 0;
			shellPath = /bin/sh;
			shellScript = "diff \"${PODS_PODFILE_DIR_PATH}/Podfile.lock\" \"${PODS_ROOT}/Manifest.lock\" > /dev/null\nif [ $? != 0 ] ; then\n    # print error to STDERR\n    echo \"error: The sandbox is not in sync with the Podfile.lock. Run 'pod install' or update your CocoaPods installation.\" >&2\n    exit 1\nfi\n# This output is used by Xcode 'outputs' to avoid re-running this script phase.\necho \"SUCCESS\" > \"${SCRIPT_OUTPUT_FILE_0}\"\n";
			showEnvVarsInLog = 0;
		};
/* End PBXShellScriptBuildPhase section */

/* Begin PBXSourcesBuildPhase section */
		AF9463AD285B4940000CCF10 /* Sources */ = {
			isa = PBXSourcesBuildPhase;
			buildActionMask = 2147483647;
			files = (
				AF9463B9285B4940000CCF10 /* ChatWrapperViewController.swift in Sources */,
				AF9463B5285B4940000CCF10 /* AppDelegate.swift in Sources */,
				FCA1D06329C887E200F33710 /* UIApplication+Extensions.swift in Sources */,
				FC341F0B286C771E007599BD /* UITextField+Extensions.swift in Sources */,
				FCA44FCA2AADB6730024B4E9 /* String+Extensions.swift in Sources */,
				FC341F08286ADD80007599BD /* UserDefaults+Extensions.swift in Sources */,
				FC341F07286ADD73007599BD /* AccountDetailsViewController.swift in Sources */,
				0A190B6A2A44222D00A069B7 /* Toast.swift in Sources */,
			);
			runOnlyForDeploymentPostprocessing = 0;
		};
/* End PBXSourcesBuildPhase section */

/* Begin PBXVariantGroup section */
		AF9463BA285B4940000CCF10 /* Main.storyboard */ = {
			isa = PBXVariantGroup;
			children = (
				AF9463BB285B4940000CCF10 /* Base */,
			);
			name = Main.storyboard;
			sourceTree = "<group>";
		};
		AF9463BF285B4943000CCF10 /* LaunchScreen.storyboard */ = {
			isa = PBXVariantGroup;
			children = (
				AF9463C0285B4943000CCF10 /* Base */,
			);
			name = LaunchScreen.storyboard;
			sourceTree = "<group>";
		};
/* End PBXVariantGroup section */

/* Begin XCBuildConfiguration section */
		AF9463C3285B4943000CCF10 /* Debug */ = {
			isa = XCBuildConfiguration;
			buildSettings = {
				ALWAYS_SEARCH_USER_PATHS = NO;
				CLANG_ANALYZER_NONNULL = YES;
				CLANG_ANALYZER_NUMBER_OBJECT_CONVERSION = YES_AGGRESSIVE;
				CLANG_CXX_LANGUAGE_STANDARD = "gnu++17";
				CLANG_ENABLE_MODULES = YES;
				CLANG_ENABLE_OBJC_ARC = YES;
				CLANG_ENABLE_OBJC_WEAK = YES;
				CLANG_WARN_BLOCK_CAPTURE_AUTORELEASING = YES;
				CLANG_WARN_BOOL_CONVERSION = YES;
				CLANG_WARN_COMMA = YES;
				CLANG_WARN_CONSTANT_CONVERSION = YES;
				CLANG_WARN_DEPRECATED_OBJC_IMPLEMENTATIONS = YES;
				CLANG_WARN_DIRECT_OBJC_ISA_USAGE = YES_ERROR;
				CLANG_WARN_DOCUMENTATION_COMMENTS = YES;
				CLANG_WARN_EMPTY_BODY = YES;
				CLANG_WARN_ENUM_CONVERSION = YES;
				CLANG_WARN_INFINITE_RECURSION = YES;
				CLANG_WARN_INT_CONVERSION = YES;
				CLANG_WARN_NON_LITERAL_NULL_CONVERSION = YES;
				CLANG_WARN_OBJC_IMPLICIT_RETAIN_SELF = YES;
				CLANG_WARN_OBJC_LITERAL_CONVERSION = YES;
				CLANG_WARN_OBJC_ROOT_CLASS = YES_ERROR;
				CLANG_WARN_QUOTED_INCLUDE_IN_FRAMEWORK_HEADER = YES;
				CLANG_WARN_RANGE_LOOP_ANALYSIS = YES;
				CLANG_WARN_STRICT_PROTOTYPES = YES;
				CLANG_WARN_SUSPICIOUS_MOVE = YES;
				CLANG_WARN_UNGUARDED_AVAILABILITY = YES_AGGRESSIVE;
				CLANG_WARN_UNREACHABLE_CODE = YES;
				CLANG_WARN__DUPLICATE_METHOD_MATCH = YES;
				COPY_PHASE_STRIP = NO;
				DEBUG_INFORMATION_FORMAT = dwarf;
				ENABLE_STRICT_OBJC_MSGSEND = YES;
				ENABLE_TESTABILITY = YES;
				GCC_C_LANGUAGE_STANDARD = gnu11;
				GCC_DYNAMIC_NO_PIC = NO;
				GCC_NO_COMMON_BLOCKS = YES;
				GCC_OPTIMIZATION_LEVEL = 0;
				GCC_PREPROCESSOR_DEFINITIONS = (
					"DEBUG=1",
					"$(inherited)",
				);
				GCC_WARN_64_TO_32_BIT_CONVERSION = YES;
				GCC_WARN_ABOUT_RETURN_TYPE = YES_ERROR;
				GCC_WARN_UNDECLARED_SELECTOR = YES;
				GCC_WARN_UNINITIALIZED_AUTOS = YES_AGGRESSIVE;
				GCC_WARN_UNUSED_FUNCTION = YES;
				GCC_WARN_UNUSED_VARIABLE = YES;
				IPHONEOS_DEPLOYMENT_TARGET = 13.0;
				MTL_ENABLE_DEBUG_INFO = INCLUDE_SOURCE;
				MTL_FAST_MATH = YES;
				ONLY_ACTIVE_ARCH = YES;
				OTHER_SWIFT_FLAGS = "-D DEBUG";
				SDKROOT = iphoneos;
				SWIFT_ACTIVE_COMPILATION_CONDITIONS = DEBUG;
				SWIFT_OPTIMIZATION_LEVEL = "-Onone";
			};
			name = Debug;
		};
		AF9463C4285B4943000CCF10 /* Release */ = {
			isa = XCBuildConfiguration;
			buildSettings = {
				ALWAYS_SEARCH_USER_PATHS = NO;
				CLANG_ANALYZER_NONNULL = YES;
				CLANG_ANALYZER_NUMBER_OBJECT_CONVERSION = YES_AGGRESSIVE;
				CLANG_CXX_LANGUAGE_STANDARD = "gnu++17";
				CLANG_ENABLE_MODULES = YES;
				CLANG_ENABLE_OBJC_ARC = YES;
				CLANG_ENABLE_OBJC_WEAK = YES;
				CLANG_WARN_BLOCK_CAPTURE_AUTORELEASING = YES;
				CLANG_WARN_BOOL_CONVERSION = YES;
				CLANG_WARN_COMMA = YES;
				CLANG_WARN_CONSTANT_CONVERSION = YES;
				CLANG_WARN_DEPRECATED_OBJC_IMPLEMENTATIONS = YES;
				CLANG_WARN_DIRECT_OBJC_ISA_USAGE = YES_ERROR;
				CLANG_WARN_DOCUMENTATION_COMMENTS = YES;
				CLANG_WARN_EMPTY_BODY = YES;
				CLANG_WARN_ENUM_CONVERSION = YES;
				CLANG_WARN_INFINITE_RECURSION = YES;
				CLANG_WARN_INT_CONVERSION = YES;
				CLANG_WARN_NON_LITERAL_NULL_CONVERSION = YES;
				CLANG_WARN_OBJC_IMPLICIT_RETAIN_SELF = YES;
				CLANG_WARN_OBJC_LITERAL_CONVERSION = YES;
				CLANG_WARN_OBJC_ROOT_CLASS = YES_ERROR;
				CLANG_WARN_QUOTED_INCLUDE_IN_FRAMEWORK_HEADER = YES;
				CLANG_WARN_RANGE_LOOP_ANALYSIS = YES;
				CLANG_WARN_STRICT_PROTOTYPES = YES;
				CLANG_WARN_SUSPICIOUS_MOVE = YES;
				CLANG_WARN_UNGUARDED_AVAILABILITY = YES_AGGRESSIVE;
				CLANG_WARN_UNREACHABLE_CODE = YES;
				CLANG_WARN__DUPLICATE_METHOD_MATCH = YES;
				COPY_PHASE_STRIP = NO;
				DEBUG_INFORMATION_FORMAT = "dwarf-with-dsym";
				ENABLE_NS_ASSERTIONS = NO;
				ENABLE_STRICT_OBJC_MSGSEND = YES;
				GCC_C_LANGUAGE_STANDARD = gnu11;
				GCC_NO_COMMON_BLOCKS = YES;
				GCC_WARN_64_TO_32_BIT_CONVERSION = YES;
				GCC_WARN_ABOUT_RETURN_TYPE = YES_ERROR;
				GCC_WARN_UNDECLARED_SELECTOR = YES;
				GCC_WARN_UNINITIALIZED_AUTOS = YES_AGGRESSIVE;
				GCC_WARN_UNUSED_FUNCTION = YES;
				GCC_WARN_UNUSED_VARIABLE = YES;
				IPHONEOS_DEPLOYMENT_TARGET = 13.0;
				MTL_ENABLE_DEBUG_INFO = NO;
				MTL_FAST_MATH = YES;
				ONLY_ACTIVE_ARCH = YES;
				SDKROOT = iphoneos;
				SWIFT_COMPILATION_MODE = wholemodule;
				SWIFT_OPTIMIZATION_LEVEL = "-O";
				VALIDATE_PRODUCT = YES;
			};
			name = Release;
		};
		AF9463C6285B4943000CCF10 /* Debug */ = {
			isa = XCBuildConfiguration;
			baseConfigurationReference = 979FBC115B3141050E6649D3 /* Pods-GCMessengerSDKSample.debug.xcconfig */;
			buildSettings = {
				ASSETCATALOG_COMPILER_APPICON_NAME = AppIcon;
				ASSETCATALOG_COMPILER_GLOBAL_ACCENT_COLOR_NAME = AccentColor;
				CODE_SIGN_IDENTITY = "Apple Development";
				CODE_SIGN_STYLE = Automatic;
				CURRENT_PROJECT_VERSION = 6;
				DEBUG_INFORMATION_FORMAT = "dwarf-with-dsym";
				DEVELOPMENT_TEAM = 9U57N843V9;
				GENERATE_INFOPLIST_FILE = YES;
				INFOPLIST_FILE = GCMessengerSDKSample/Info.plist;
				INFOPLIST_KEY_NSMicrophoneUsageDescription = "Need microphone access for uploading videos";
				INFOPLIST_KEY_NSSpeechRecognitionUsageDescription = "Need your permission for recognising your speech";
				INFOPLIST_KEY_UIApplicationSupportsIndirectInputEvents = YES;
				INFOPLIST_KEY_UILaunchStoryboardName = LaunchScreen;
				INFOPLIST_KEY_UIMainStoryboardFile = Main;
				INFOPLIST_KEY_UISupportedInterfaceOrientations_iPad = "UIInterfaceOrientationPortrait UIInterfaceOrientationPortraitUpsideDown UIInterfaceOrientationLandscapeLeft UIInterfaceOrientationLandscapeRight";
				INFOPLIST_KEY_UISupportedInterfaceOrientations_iPhone = "UIInterfaceOrientationPortrait UIInterfaceOrientationLandscapeLeft UIInterfaceOrientationLandscapeRight";
				IPHONEOS_DEPLOYMENT_TARGET = 13.0;
				LD_RUNPATH_SEARCH_PATHS = (
					"$(inherited)",
					"@executable_path/Frameworks",
				);
				MARKETING_VERSION = 1.9;
				ONLY_ACTIVE_ARCH = NO;
				PRODUCT_BUNDLE_IDENTIFIER = com.genesys.mobile.messenger.sdk.iOS.GCMessengerSDKSample;
				PRODUCT_NAME = "$(TARGET_NAME)";
				PROVISIONING_PROFILE_SPECIFIER = "";
				SWIFT_EMIT_LOC_STRINGS = YES;
				SWIFT_VERSION = 5.0;
				TARGETED_DEVICE_FAMILY = "1,2";
			};
			name = Debug;
		};
		AF9463C7285B4943000CCF10 /* Release */ = {
			isa = XCBuildConfiguration;
			baseConfigurationReference = D6117226644D926767D09E05 /* Pods-GCMessengerSDKSample.release.xcconfig */;
			buildSettings = {
				ASSETCATALOG_COMPILER_APPICON_NAME = AppIcon;
				ASSETCATALOG_COMPILER_GLOBAL_ACCENT_COLOR_NAME = AccentColor;
				CODE_SIGN_IDENTITY = "Apple Development";
				CODE_SIGN_STYLE = Automatic;
				CURRENT_PROJECT_VERSION = 6;
				DEVELOPMENT_TEAM = 9U57N843V9;
				GENERATE_INFOPLIST_FILE = YES;
				INFOPLIST_FILE = GCMessengerSDKSample/Info.plist;
				INFOPLIST_KEY_NSMicrophoneUsageDescription = "Need microphone access for uploading videos";
				INFOPLIST_KEY_NSSpeechRecognitionUsageDescription = "Need your permission for recognising your speech";
				INFOPLIST_KEY_UIApplicationSupportsIndirectInputEvents = YES;
				INFOPLIST_KEY_UILaunchStoryboardName = LaunchScreen;
				INFOPLIST_KEY_UIMainStoryboardFile = Main;
				INFOPLIST_KEY_UISupportedInterfaceOrientations_iPad = "UIInterfaceOrientationPortrait UIInterfaceOrientationPortraitUpsideDown UIInterfaceOrientationLandscapeLeft UIInterfaceOrientationLandscapeRight";
				INFOPLIST_KEY_UISupportedInterfaceOrientations_iPhone = "UIInterfaceOrientationPortrait UIInterfaceOrientationLandscapeLeft UIInterfaceOrientationLandscapeRight";
				IPHONEOS_DEPLOYMENT_TARGET = 13.0;
				LD_RUNPATH_SEARCH_PATHS = (
					"$(inherited)",
					"@executable_path/Frameworks",
				);
				MARKETING_VERSION = 1.9;
				ONLY_ACTIVE_ARCH = NO;
				PRODUCT_BUNDLE_IDENTIFIER = com.genesys.mobile.messenger.sdk.iOS.GCMessengerSDKSample;
				PRODUCT_NAME = "$(TARGET_NAME)";
				PROVISIONING_PROFILE_SPECIFIER = "";
				SWIFT_EMIT_LOC_STRINGS = YES;
				SWIFT_VERSION = 5.0;
				TARGETED_DEVICE_FAMILY = "1,2";
			};
			name = Release;
		};
/* End XCBuildConfiguration section */

/* Begin XCConfigurationList section */
		AF9463AC285B4940000CCF10 /* Build configuration list for PBXProject "GCMessengerSDKSample" */ = {
			isa = XCConfigurationList;
			buildConfigurations = (
				AF9463C3285B4943000CCF10 /* Debug */,
				AF9463C4285B4943000CCF10 /* Release */,
			);
			defaultConfigurationIsVisible = 0;
			defaultConfigurationName = Release;
		};
		AF9463C5285B4943000CCF10 /* Build configuration list for PBXNativeTarget "GCMessengerSDKSample" */ = {
			isa = XCConfigurationList;
			buildConfigurations = (
				AF9463C6285B4943000CCF10 /* Debug */,
				AF9463C7285B4943000CCF10 /* Release */,
			);
			defaultConfigurationIsVisible = 0;
			defaultConfigurationName = Release;
		};
/* End XCConfigurationList section */
	};
	rootObject = AF9463A9285B4940000CCF10 /* Project object */;
}
