// !$*UTF8*$!
{
	archiveVersion = 1;
	classes = {
	};
	objectVersion = 51;
	objects = {

/* Begin PBXBuildFile section */
		483EA67C2369CA7100B9BBE1 /* HandOverHandler.swift in Sources */ = {isa = PBXBuildFile; fileRef = 483EA67B2369CA7000B9BBE1 /* HandOverHandler.swift */; };
		4848892022EEF871000CF01E /* EmbedDemoViewController.swift in Sources */ = {isa = PBXBuildFile; fileRef = 4848891F22EEF871000CF01E /* EmbedDemoViewController.swift */; };
		484F087023D5AFE30013046C /* LiveAccountViewController.swift in Sources */ = {isa = PBXBuildFile; fileRef = 484F086F23D5AFE30013046C /* LiveAccountViewController.swift */; };
		486C0B1523D4620D00544AAE /* AccountTableViewController.swift in Sources */ = {isa = PBXBuildFile; fileRef = 486C0B1323D4620D00544AAE /* AccountTableViewController.swift */; };
		486C0B1623D4620D00544AAE /* AccountTableViewController.xib in Resources */ = {isa = PBXBuildFile; fileRef = 486C0B1423D4620D00544AAE /* AccountTableViewController.xib */; };
		486C0B2023D4624700544AAE /* InputTableViewCell.xib in Resources */ = {isa = PBXBuildFile; fileRef = 486C0B1723D4624500544AAE /* InputTableViewCell.xib */; };
		486C0B2123D4624700544AAE /* AddContextTableViewCell.xib in Resources */ = {isa = PBXBuildFile; fileRef = 486C0B1823D4624500544AAE /* AddContextTableViewCell.xib */; };
		486C0B2223D4624700544AAE /* ContextsTableViewCell.swift in Sources */ = {isa = PBXBuildFile; fileRef = 486C0B1923D4624600544AAE /* ContextsTableViewCell.swift */; };
		486C0B2323D4624700544AAE /* ContextsTableViewCell.xib in Resources */ = {isa = PBXBuildFile; fileRef = 486C0B1A23D4624600544AAE /* ContextsTableViewCell.xib */; };
		486C0B2423D4624700544AAE /* InputTableViewCell.swift in Sources */ = {isa = PBXBuildFile; fileRef = 486C0B1B23D4624600544AAE /* InputTableViewCell.swift */; };
		486C0B2523D4624700544AAE /* SwitchTableViewCell.xib in Resources */ = {isa = PBXBuildFile; fileRef = 486C0B1C23D4624600544AAE /* SwitchTableViewCell.xib */; };
		486C0B2623D4624700544AAE /* AccountDataTableViewCell.swift in Sources */ = {isa = PBXBuildFile; fileRef = 486C0B1D23D4624600544AAE /* AccountDataTableViewCell.swift */; };
		486C0B2723D4624700544AAE /* SwitchTableViewCell.swift in Sources */ = {isa = PBXBuildFile; fileRef = 486C0B1E23D4624600544AAE /* SwitchTableViewCell.swift */; };
		486C0B2823D4624700544AAE /* AddContextTableViewCell.swift in Sources */ = {isa = PBXBuildFile; fileRef = 486C0B1F23D4624600544AAE /* AddContextTableViewCell.swift */; };
		486C0B2C23D462B000544AAE /* InitObjSearch.plist in Resources */ = {isa = PBXBuildFile; fileRef = 486C0B2A23D462B000544AAE /* InitObjSearch.plist */; };
		486C0B2D23D462B000544AAE /* InitObj.plist in Resources */ = {isa = PBXBuildFile; fileRef = 486C0B2B23D462B000544AAE /* InitObj.plist */; };
		486C0B2F23D462CD00544AAE /* AccountHandler.swift in Sources */ = {isa = PBXBuildFile; fileRef = 486C0B2E23D462CD00544AAE /* AccountHandler.swift */; };
		486C0B3123D462F100544AAE /* InputItemModel.swift in Sources */ = {isa = PBXBuildFile; fileRef = 486C0B3023D462F100544AAE /* InputItemModel.swift */; };
		486C0B3823D46C9100544AAE /* OptionButton.swift in Sources */ = {isa = PBXBuildFile; fileRef = 486C0B3723D46C9100544AAE /* OptionButton.swift */; };
		487351CC22784A7F0029F295 /* HistoryDemoViewController.swift in Sources */ = {isa = PBXBuildFile; fileRef = 487351CB22784A7F0029F295 /* HistoryDemoViewController.swift */; };
		4899614022763AD500D86590 /* BotDemoViewController.swift in Sources */ = {isa = PBXBuildFile; fileRef = 4899613F22763AD500D86590 /* BotDemoViewController.swift */; };
		4899614222763B1800D86590 /* AgentViewController.swift in Sources */ = {isa = PBXBuildFile; fileRef = 4899614122763B1800D86590 /* AgentViewController.swift */; };
		4899614422773FAD00D86590 /* RestoreChatDemoViewController.swift in Sources */ = {isa = PBXBuildFile; fileRef = 4899614322773FAD00D86590 /* RestoreChatDemoViewController.swift */; };
		4899614822773FD300D86590 /* RestoredChatDemo.xcdatamodeld in Sources */ = {isa = PBXBuildFile; fileRef = 4899614622773FD300D86590 /* RestoredChatDemo.xcdatamodeld */; };
		4899614D22773FF700D86590 /* ChatConfiguration+CoreDataClass.swift in Sources */ = {isa = PBXBuildFile; fileRef = 4899614922773FF700D86590 /* ChatConfiguration+CoreDataClass.swift */; };
		4899614E22773FF700D86590 /* ChatConfiguration+CoreDataProperties.swift in Sources */ = {isa = PBXBuildFile; fileRef = 4899614A22773FF700D86590 /* ChatConfiguration+CoreDataProperties.swift */; };
		4899614F22773FF700D86590 /* ChatHistoryItem+CoreDataClass.swift in Sources */ = {isa = PBXBuildFile; fileRef = 4899614B22773FF700D86590 /* ChatHistoryItem+CoreDataClass.swift */; };
		4899615022773FF700D86590 /* ChatHistoryItem+CoreDataProperties.swift in Sources */ = {isa = PBXBuildFile; fileRef = 4899614C22773FF700D86590 /* ChatHistoryItem+CoreDataProperties.swift */; };
		48996152227741B300D86590 /* RestoreChat.swift in Sources */ = {isa = PBXBuildFile; fileRef = 48996151227741B300D86590 /* RestoreChat.swift */; };
		4899615F2278348000D86590 /* ChatHistoryGroup+CoreDataClass.swift in Sources */ = {isa = PBXBuildFile; fileRef = 4899615D2278348000D86590 /* ChatHistoryGroup+CoreDataClass.swift */; };
		489961602278348000D86590 /* ChatHistoryGroup+CoreDataProperties.swift in Sources */ = {isa = PBXBuildFile; fileRef = 4899615E2278348000D86590 /* ChatHistoryGroup+CoreDataProperties.swift */; };
		48A5A19822761AD50073F57B /* Demos.plist in Resources */ = {isa = PBXBuildFile; fileRef = 48A5A19722761AD50073F57B /* Demos.plist */; };
		48A5A19A22761DCB0073F57B /* MainTableViewController.swift in Sources */ = {isa = PBXBuildFile; fileRef = 48A5A19922761DCB0073F57B /* MainTableViewController.swift */; };
		48A5A19C227635FD0073F57B /* DemoTableViewCell.swift in Sources */ = {isa = PBXBuildFile; fileRef = 48A5A19B227635FD0073F57B /* DemoTableViewCell.swift */; };
		48F6DBA2230C4220008EA1A0 /* AutoCompleteViewController.swift in Sources */ = {isa = PBXBuildFile; fileRef = 48F6DBA1230C4220008EA1A0 /* AutoCompleteViewController.swift */; };
		AF12C8A321D22C90007450EF /* AppDelegate.swift in Sources */ = {isa = PBXBuildFile; fileRef = AF12C8A221D22C90007450EF /* AppDelegate.swift */; };
		AF12C8A821D22C90007450EF /* Main.storyboard in Resources */ = {isa = PBXBuildFile; fileRef = AF12C8A621D22C90007450EF /* Main.storyboard */; };
		AF12C8AA21D22C91007450EF /* Assets.xcassets in Resources */ = {isa = PBXBuildFile; fileRef = AF12C8A921D22C91007450EF /* Assets.xcassets */; };
		AF12C8AD21D22C91007450EF /* LaunchScreen.storyboard in Resources */ = {isa = PBXBuildFile; fileRef = AF12C8AB21D22C91007450EF /* LaunchScreen.storyboard */; };
		AF91186C238D1583007F5D3A /* CustomFileUploadDemoVC.swift in Sources */ = {isa = PBXBuildFile; fileRef = AF91186B238D1583007F5D3A /* CustomFileUploadDemoVC.swift */; };
		AF911888239000DB007F5D3A /* FileUploadDemoViewController.swift in Sources */ = {isa = PBXBuildFile; fileRef = AF911887239000DB007F5D3A /* FileUploadDemoViewController.swift */; };
		AFE7767DD441813DB5EF49A7 /* Pods_BasicSample.framework in Frameworks */ = {isa = PBXBuildFile; fileRef = CC7550B306EA434173A417F6 /* Pods_BasicSample.framework */; };
		AFF9BCAB22E86CC60078DD8A /* AvailibilityViewController.swift in Sources */ = {isa = PBXBuildFile; fileRef = AFF9BCAA22E86CC60078DD8A /* AvailibilityViewController.swift */; };
		CEB582A325CC15ED001C2CDA /* ColorTypeSwitcher.xib in Resources */ = {isa = PBXBuildFile; fileRef = CEB582A225CC15ED001C2CDA /* ColorTypeSwitcher.xib */; };
		CEB582A625CC18EB001C2CDA /* Config.swift in Sources */ = {isa = PBXBuildFile; fileRef = CEB582A525CC18EB001C2CDA /* Config.swift */; };
		EC4BF4DF2554602F00AF438D /* BoldFormViewController.swift in Sources */ = {isa = PBXBuildFile; fileRef = EC4BF4DE2554602F00AF438D /* BoldFormViewController.swift */; };
		ECE12751231BB34700A362C7 /* ContinuityDemoViewController.swift in Sources */ = {isa = PBXBuildFile; fileRef = ECE12750231BB34700A362C7 /* ContinuityDemoViewController.swift */; };
/* End PBXBuildFile section */

/* Begin PBXFileReference section */
		483EA67B2369CA7000B9BBE1 /* HandOverHandler.swift */ = {isa = PBXFileReference; lastKnownFileType = sourcecode.swift; path = HandOverHandler.swift; sourceTree = "<group>"; };
		4848891F22EEF871000CF01E /* EmbedDemoViewController.swift */ = {isa = PBXFileReference; lastKnownFileType = sourcecode.swift; path = EmbedDemoViewController.swift; sourceTree = "<group>"; };
		484F086F23D5AFE30013046C /* LiveAccountViewController.swift */ = {isa = PBXFileReference; lastKnownFileType = sourcecode.swift; path = LiveAccountViewController.swift; sourceTree = "<group>"; };
		486C0B1323D4620D00544AAE /* AccountTableViewController.swift */ = {isa = PBXFileReference; fileEncoding = 4; lastKnownFileType = sourcecode.swift; path = AccountTableViewController.swift; sourceTree = "<group>"; };
		486C0B1423D4620D00544AAE /* AccountTableViewController.xib */ = {isa = PBXFileReference; fileEncoding = 4; lastKnownFileType = file.xib; path = AccountTableViewController.xib; sourceTree = "<group>"; };
		486C0B1723D4624500544AAE /* InputTableViewCell.xib */ = {isa = PBXFileReference; fileEncoding = 4; lastKnownFileType = file.xib; path = InputTableViewCell.xib; sourceTree = "<group>"; };
		486C0B1823D4624500544AAE /* AddContextTableViewCell.xib */ = {isa = PBXFileReference; fileEncoding = 4; lastKnownFileType = file.xib; path = AddContextTableViewCell.xib; sourceTree = "<group>"; };
		486C0B1923D4624600544AAE /* ContextsTableViewCell.swift */ = {isa = PBXFileReference; fileEncoding = 4; lastKnownFileType = sourcecode.swift; path = ContextsTableViewCell.swift; sourceTree = "<group>"; };
		486C0B1A23D4624600544AAE /* ContextsTableViewCell.xib */ = {isa = PBXFileReference; fileEncoding = 4; lastKnownFileType = file.xib; path = ContextsTableViewCell.xib; sourceTree = "<group>"; };
		486C0B1B23D4624600544AAE /* InputTableViewCell.swift */ = {isa = PBXFileReference; fileEncoding = 4; lastKnownFileType = sourcecode.swift; path = InputTableViewCell.swift; sourceTree = "<group>"; };
		486C0B1C23D4624600544AAE /* SwitchTableViewCell.xib */ = {isa = PBXFileReference; fileEncoding = 4; lastKnownFileType = file.xib; path = SwitchTableViewCell.xib; sourceTree = "<group>"; };
		486C0B1D23D4624600544AAE /* AccountDataTableViewCell.swift */ = {isa = PBXFileReference; fileEncoding = 4; lastKnownFileType = sourcecode.swift; path = AccountDataTableViewCell.swift; sourceTree = "<group>"; };
		486C0B1E23D4624600544AAE /* SwitchTableViewCell.swift */ = {isa = PBXFileReference; fileEncoding = 4; lastKnownFileType = sourcecode.swift; path = SwitchTableViewCell.swift; sourceTree = "<group>"; };
		486C0B1F23D4624600544AAE /* AddContextTableViewCell.swift */ = {isa = PBXFileReference; fileEncoding = 4; lastKnownFileType = sourcecode.swift; path = AddContextTableViewCell.swift; sourceTree = "<group>"; };
		486C0B2A23D462B000544AAE /* InitObjSearch.plist */ = {isa = PBXFileReference; fileEncoding = 4; lastKnownFileType = text.plist.xml; path = InitObjSearch.plist; sourceTree = "<group>"; };
		486C0B2B23D462B000544AAE /* InitObj.plist */ = {isa = PBXFileReference; fileEncoding = 4; lastKnownFileType = text.plist.xml; path = InitObj.plist; sourceTree = "<group>"; };
		486C0B2E23D462CD00544AAE /* AccountHandler.swift */ = {isa = PBXFileReference; fileEncoding = 4; lastKnownFileType = sourcecode.swift; path = AccountHandler.swift; sourceTree = "<group>"; };
		486C0B3023D462F100544AAE /* InputItemModel.swift */ = {isa = PBXFileReference; fileEncoding = 4; lastKnownFileType = sourcecode.swift; path = InputItemModel.swift; sourceTree = "<group>"; };
		486C0B3723D46C9100544AAE /* OptionButton.swift */ = {isa = PBXFileReference; fileEncoding = 4; lastKnownFileType = sourcecode.swift; path = OptionButton.swift; sourceTree = "<group>"; };
		487351CB22784A7F0029F295 /* HistoryDemoViewController.swift */ = {isa = PBXFileReference; lastKnownFileType = sourcecode.swift; path = HistoryDemoViewController.swift; sourceTree = "<group>"; };
		4899613F22763AD500D86590 /* BotDemoViewController.swift */ = {isa = PBXFileReference; lastKnownFileType = sourcecode.swift; path = BotDemoViewController.swift; sourceTree = "<group>"; };
		4899614122763B1800D86590 /* AgentViewController.swift */ = {isa = PBXFileReference; lastKnownFileType = sourcecode.swift; path = AgentViewController.swift; sourceTree = "<group>"; };
		4899614322773FAD00D86590 /* RestoreChatDemoViewController.swift */ = {isa = PBXFileReference; lastKnownFileType = sourcecode.swift; path = RestoreChatDemoViewController.swift; sourceTree = "<group>"; };
		4899614722773FD300D86590 /* RestoredChatDemo.xcdatamodel */ = {isa = PBXFileReference; lastKnownFileType = wrapper.xcdatamodel; path = RestoredChatDemo.xcdatamodel; sourceTree = "<group>"; };
		4899614922773FF700D86590 /* ChatConfiguration+CoreDataClass.swift */ = {isa = PBXFileReference; lastKnownFileType = sourcecode.swift; path = "ChatConfiguration+CoreDataClass.swift"; sourceTree = "<group>"; };
		4899614A22773FF700D86590 /* ChatConfiguration+CoreDataProperties.swift */ = {isa = PBXFileReference; lastKnownFileType = sourcecode.swift; path = "ChatConfiguration+CoreDataProperties.swift"; sourceTree = "<group>"; };
		4899614B22773FF700D86590 /* ChatHistoryItem+CoreDataClass.swift */ = {isa = PBXFileReference; lastKnownFileType = sourcecode.swift; path = "ChatHistoryItem+CoreDataClass.swift"; sourceTree = "<group>"; };
		4899614C22773FF700D86590 /* ChatHistoryItem+CoreDataProperties.swift */ = {isa = PBXFileReference; lastKnownFileType = sourcecode.swift; path = "ChatHistoryItem+CoreDataProperties.swift"; sourceTree = "<group>"; };
		48996151227741B300D86590 /* RestoreChat.swift */ = {isa = PBXFileReference; fileEncoding = 4; lastKnownFileType = sourcecode.swift; path = RestoreChat.swift; sourceTree = "<group>"; };
		4899615D2278348000D86590 /* ChatHistoryGroup+CoreDataClass.swift */ = {isa = PBXFileReference; lastKnownFileType = sourcecode.swift; path = "ChatHistoryGroup+CoreDataClass.swift"; sourceTree = "<group>"; };
		4899615E2278348000D86590 /* ChatHistoryGroup+CoreDataProperties.swift */ = {isa = PBXFileReference; lastKnownFileType = sourcecode.swift; path = "ChatHistoryGroup+CoreDataProperties.swift"; sourceTree = "<group>"; };
		48A5A19722761AD50073F57B /* Demos.plist */ = {isa = PBXFileReference; lastKnownFileType = text.plist.xml; path = Demos.plist; sourceTree = "<group>"; };
		48A5A19922761DCB0073F57B /* MainTableViewController.swift */ = {isa = PBXFileReference; lastKnownFileType = sourcecode.swift; path = MainTableViewController.swift; sourceTree = "<group>"; };
		48A5A19B227635FD0073F57B /* DemoTableViewCell.swift */ = {isa = PBXFileReference; lastKnownFileType = sourcecode.swift; path = DemoTableViewCell.swift; sourceTree = "<group>"; };
		48F6DBA1230C4220008EA1A0 /* AutoCompleteViewController.swift */ = {isa = PBXFileReference; lastKnownFileType = sourcecode.swift; path = AutoCompleteViewController.swift; sourceTree = "<group>"; };
		AF12C89F21D22C90007450EF /* BasicSample.app */ = {isa = PBXFileReference; explicitFileType = wrapper.application; includeInIndex = 0; path = BasicSample.app; sourceTree = BUILT_PRODUCTS_DIR; };
		AF12C8A221D22C90007450EF /* AppDelegate.swift */ = {isa = PBXFileReference; lastKnownFileType = sourcecode.swift; path = AppDelegate.swift; sourceTree = "<group>"; };
		AF12C8A721D22C90007450EF /* Base */ = {isa = PBXFileReference; lastKnownFileType = file.storyboard; name = Base; path = Base.lproj/Main.storyboard; sourceTree = "<group>"; };
		AF12C8A921D22C91007450EF /* Assets.xcassets */ = {isa = PBXFileReference; lastKnownFileType = folder.assetcatalog; path = Assets.xcassets; sourceTree = "<group>"; };
		AF12C8AC21D22C91007450EF /* Base */ = {isa = PBXFileReference; lastKnownFileType = file.storyboard; name = Base; path = Base.lproj/LaunchScreen.storyboard; sourceTree = "<group>"; };
		AF12C8AE21D22C91007450EF /* Info.plist */ = {isa = PBXFileReference; lastKnownFileType = text.plist.xml; path = Info.plist; sourceTree = "<group>"; };
		AF31F5E722A3F1F00033786E /* BasicSample.entitlements */ = {isa = PBXFileReference; lastKnownFileType = text.plist.entitlements; path = BasicSample.entitlements; sourceTree = "<group>"; };
		AF91186B238D1583007F5D3A /* CustomFileUploadDemoVC.swift */ = {isa = PBXFileReference; lastKnownFileType = sourcecode.swift; path = CustomFileUploadDemoVC.swift; sourceTree = "<group>"; };
		AF911887239000DB007F5D3A /* FileUploadDemoViewController.swift */ = {isa = PBXFileReference; fileEncoding = 4; lastKnownFileType = sourcecode.swift; path = FileUploadDemoViewController.swift; sourceTree = "<group>"; };
		AFF9BCAA22E86CC60078DD8A /* AvailibilityViewController.swift */ = {isa = PBXFileReference; lastKnownFileType = sourcecode.swift; path = AvailibilityViewController.swift; sourceTree = "<group>"; };
		BA80E9076A29ED3FA7074703 /* Pods-BasicSample.release.xcconfig */ = {isa = PBXFileReference; includeInIndex = 1; lastKnownFileType = text.xcconfig; name = "Pods-BasicSample.release.xcconfig"; path = "Target Support Files/Pods-BasicSample/Pods-BasicSample.release.xcconfig"; sourceTree = "<group>"; };
		CC7550B306EA434173A417F6 /* Pods_BasicSample.framework */ = {isa = PBXFileReference; explicitFileType = wrapper.framework; includeInIndex = 0; path = Pods_BasicSample.framework; sourceTree = BUILT_PRODUCTS_DIR; };
		CEB582A225CC15ED001C2CDA /* ColorTypeSwitcher.xib */ = {isa = PBXFileReference; lastKnownFileType = file.xib; path = ColorTypeSwitcher.xib; sourceTree = "<group>"; };
		CEB582A525CC18EB001C2CDA /* Config.swift */ = {isa = PBXFileReference; lastKnownFileType = sourcecode.swift; path = Config.swift; sourceTree = "<group>"; };
		DC471EDB9771219B161567B8 /* Pods-BasicSample.debug.xcconfig */ = {isa = PBXFileReference; includeInIndex = 1; lastKnownFileType = text.xcconfig; name = "Pods-BasicSample.debug.xcconfig"; path = "Target Support Files/Pods-BasicSample/Pods-BasicSample.debug.xcconfig"; sourceTree = "<group>"; };
		EC4BF4DE2554602F00AF438D /* BoldFormViewController.swift */ = {isa = PBXFileReference; lastKnownFileType = sourcecode.swift; path = BoldFormViewController.swift; sourceTree = "<group>"; };
		ECE12750231BB34700A362C7 /* ContinuityDemoViewController.swift */ = {isa = PBXFileReference; lastKnownFileType = sourcecode.swift; path = ContinuityDemoViewController.swift; sourceTree = "<group>"; };
/* End PBXFileReference section */

/* Begin PBXFrameworksBuildPhase section */
		AF12C89C21D22C90007450EF /* Frameworks */ = {
			isa = PBXFrameworksBuildPhase;
			buildActionMask = 2147483647;
			files = (
				AFE7767DD441813DB5EF49A7 /* Pods_BasicSample.framework in Frameworks */,
			);
			runOnlyForDeploymentPostprocessing = 0;
		};
/* End PBXFrameworksBuildPhase section */

/* Begin PBXGroup section */
		483EA67A2369CA5000B9BBE1 /* HandOver */ = {
			isa = PBXGroup;
			children = (
				483EA67B2369CA7000B9BBE1 /* HandOverHandler.swift */,
			);
			path = HandOver;
			sourceTree = "<group>";
		};
		486C0B2923D4625600544AAE /* Cells */ = {
			isa = PBXGroup;
			children = (
				486C0B1D23D4624600544AAE /* AccountDataTableViewCell.swift */,
				486C0B1F23D4624600544AAE /* AddContextTableViewCell.swift */,
				486C0B1823D4624500544AAE /* AddContextTableViewCell.xib */,
				486C0B1923D4624600544AAE /* ContextsTableViewCell.swift */,
				486C0B1A23D4624600544AAE /* ContextsTableViewCell.xib */,
				486C0B1B23D4624600544AAE /* InputTableViewCell.swift */,
				486C0B1723D4624500544AAE /* InputTableViewCell.xib */,
				486C0B1E23D4624600544AAE /* SwitchTableViewCell.swift */,
				486C0B1C23D4624600544AAE /* SwitchTableViewCell.xib */,
			);
			path = Cells;
			sourceTree = "<group>";
		};
		486C0B3223D462F600544AAE /* AccountHandler */ = {
			isa = PBXGroup;
			children = (
				486C0B3723D46C9100544AAE /* OptionButton.swift */,
				486C0B2E23D462CD00544AAE /* AccountHandler.swift */,
				486C0B3023D462F100544AAE /* InputItemModel.swift */,
				486C0B2B23D462B000544AAE /* InitObj.plist */,
				486C0B2A23D462B000544AAE /* InitObjSearch.plist */,
			);
			path = AccountHandler;
			sourceTree = "<group>";
		};
		487351CA22784A260029F295 /* ChatViewControllers */ = {
			isa = PBXGroup;
			children = (
				4899613F22763AD500D86590 /* BotDemoViewController.swift */,
				4899614122763B1800D86590 /* AgentViewController.swift */,
				487351CB22784A7F0029F295 /* HistoryDemoViewController.swift */,
				4899614322773FAD00D86590 /* RestoreChatDemoViewController.swift */,
				AF91186D238D1590007F5D3A /* FileUpload */,
				4848891F22EEF871000CF01E /* EmbedDemoViewController.swift */,
				48F6DBA1230C4220008EA1A0 /* AutoCompleteViewController.swift */,
				AFF9BCAA22E86CC60078DD8A /* AvailibilityViewController.swift */,
				ECE12750231BB34700A362C7 /* ContinuityDemoViewController.swift */,
				EC4BF4DE2554602F00AF438D /* BoldFormViewController.swift */,
				CEB582A525CC18EB001C2CDA /* Config.swift */,
			);
			path = ChatViewControllers;
			sourceTree = "<group>";
		};
		4899614522773FC200D86590 /* RestoreChat */ = {
			isa = PBXGroup;
			children = (
				4899615D2278348000D86590 /* ChatHistoryGroup+CoreDataClass.swift */,
				4899615E2278348000D86590 /* ChatHistoryGroup+CoreDataProperties.swift */,
				48996151227741B300D86590 /* RestoreChat.swift */,
				4899614922773FF700D86590 /* ChatConfiguration+CoreDataClass.swift */,
				4899614A22773FF700D86590 /* ChatConfiguration+CoreDataProperties.swift */,
				4899614B22773FF700D86590 /* ChatHistoryItem+CoreDataClass.swift */,
				4899614C22773FF700D86590 /* ChatHistoryItem+CoreDataProperties.swift */,
				4899614622773FD300D86590 /* RestoredChatDemo.xcdatamodeld */,
			);
			path = RestoreChat;
			sourceTree = "<group>";
		};
		6D2E9637AC8DA8FACD986BF7 /* Frameworks */ = {
			isa = PBXGroup;
			children = (
				CC7550B306EA434173A417F6 /* Pods_BasicSample.framework */,
			);
			name = Frameworks;
			sourceTree = "<group>";
		};
		AF12C89621D22C90007450EF = {
			isa = PBXGroup;
			children = (
				AF12C8A121D22C90007450EF /* BasicSample */,
				AF12C8A021D22C90007450EF /* Products */,
				B7C6AE904CE1881071FF9D83 /* Pods */,
				6D2E9637AC8DA8FACD986BF7 /* Frameworks */,
			);
			sourceTree = "<group>";
		};
		AF12C8A021D22C90007450EF /* Products */ = {
			isa = PBXGroup;
			children = (
				AF12C89F21D22C90007450EF /* BasicSample.app */,
			);
			name = Products;
			sourceTree = "<group>";
		};
		AF12C8A121D22C90007450EF /* BasicSample */ = {
			isa = PBXGroup;
			children = (
				CEB582A125CC15BD001C2CDA /* Configuration */,
				AF12C8A621D22C90007450EF /* Main.storyboard */,
				486C0B3223D462F600544AAE /* AccountHandler */,
				486C0B2923D4625600544AAE /* Cells */,
				483EA67A2369CA5000B9BBE1 /* HandOver */,
				AF31F5E722A3F1F00033786E /* BasicSample.entitlements */,
				487351CA22784A260029F295 /* ChatViewControllers */,
				4899614522773FC200D86590 /* RestoreChat */,
				AF12C8A221D22C90007450EF /* AppDelegate.swift */,
				AF12C8A921D22C91007450EF /* Assets.xcassets */,
				48A5A19722761AD50073F57B /* Demos.plist */,
				AF12C8AB21D22C91007450EF /* LaunchScreen.storyboard */,
				AF12C8AE21D22C91007450EF /* Info.plist */,
				486C0B1323D4620D00544AAE /* AccountTableViewController.swift */,
				486C0B1423D4620D00544AAE /* AccountTableViewController.xib */,
				48A5A19922761DCB0073F57B /* MainTableViewController.swift */,
				48A5A19B227635FD0073F57B /* DemoTableViewCell.swift */,
				484F086F23D5AFE30013046C /* LiveAccountViewController.swift */,
			);
			path = BasicSample;
			sourceTree = "<group>";
		};
		AF91186D238D1590007F5D3A /* FileUpload */ = {
			isa = PBXGroup;
			children = (
				AF911887239000DB007F5D3A /* FileUploadDemoViewController.swift */,
				AF91186B238D1583007F5D3A /* CustomFileUploadDemoVC.swift */,
			);
			path = FileUpload;
			sourceTree = "<group>";
		};
		B7C6AE904CE1881071FF9D83 /* Pods */ = {
			isa = PBXGroup;
			children = (
				DC471EDB9771219B161567B8 /* Pods-BasicSample.debug.xcconfig */,
				BA80E9076A29ED3FA7074703 /* Pods-BasicSample.release.xcconfig */,
			);
			path = Pods;
			sourceTree = "<group>";
		};
		CEB582A125CC15BD001C2CDA /* Configuration */ = {
			isa = PBXGroup;
			children = (
				CEB582A225CC15ED001C2CDA /* ColorTypeSwitcher.xib */,
			);
			path = Configuration;
			sourceTree = "<group>";
		};
/* End PBXGroup section */

/* Begin PBXNativeTarget section */
		AF12C89E21D22C90007450EF /* BasicSample */ = {
			isa = PBXNativeTarget;
			buildConfigurationList = AF12C8B121D22C91007450EF /* Build configuration list for PBXNativeTarget "BasicSample" */;
			buildPhases = (
				68AEF28ADF61EE937676947C /* [CP] Check Pods Manifest.lock */,
				AF12C89B21D22C90007450EF /* Sources */,
				AF12C89C21D22C90007450EF /* Frameworks */,
				AF12C89D21D22C90007450EF /* Resources */,
				DE28CD3417E0A4990C2BEEB4 /* [CP] Embed Pods Frameworks */,
			);
			buildRules = (
			);
			dependencies = (
			);
			name = BasicSample;
			productName = BasicSample;
			productReference = AF12C89F21D22C90007450EF /* BasicSample.app */;
			productType = "com.apple.product-type.application";
		};
/* End PBXNativeTarget section */

/* Begin PBXProject section */
		AF12C89721D22C90007450EF /* Project object */ = {
			isa = PBXProject;
			attributes = {
				LastSwiftUpdateCheck = 0940;
				LastUpgradeCheck = 1200;
				ORGANIZATIONNAME = bold360ai;
				TargetAttributes = {
					AF12C89E21D22C90007450EF = {
						CreatedOnToolsVersion = 9.4.1;
						SystemCapabilities = {
							com.apple.iCloud = {
								enabled = 0;
							};
						};
					};
				};
			};
			buildConfigurationList = AF12C89A21D22C90007450EF /* Build configuration list for PBXProject "BasicSample" */;
			compatibilityVersion = "Xcode 9.3";
			developmentRegion = en;
			hasScannedForEncodings = 0;
			knownRegions = (
				en,
				Base,
			);
			mainGroup = AF12C89621D22C90007450EF;
			productRefGroup = AF12C8A021D22C90007450EF /* Products */;
			projectDirPath = "";
			projectRoot = "";
			targets = (
				AF12C89E21D22C90007450EF /* BasicSample */,
			);
		};
/* End PBXProject section */

/* Begin PBXResourcesBuildPhase section */
		AF12C89D21D22C90007450EF /* Resources */ = {
			isa = PBXResourcesBuildPhase;
			buildActionMask = 2147483647;
			files = (
				CEB582A325CC15ED001C2CDA /* ColorTypeSwitcher.xib in Resources */,
				486C0B1623D4620D00544AAE /* AccountTableViewController.xib in Resources */,
				AF12C8AD21D22C91007450EF /* LaunchScreen.storyboard in Resources */,
				486C0B2C23D462B000544AAE /* InitObjSearch.plist in Resources */,
				48A5A19822761AD50073F57B /* Demos.plist in Resources */,
				AF12C8AA21D22C91007450EF /* Assets.xcassets in Resources */,
				486C0B2023D4624700544AAE /* InputTableViewCell.xib in Resources */,
				486C0B2323D4624700544AAE /* ContextsTableViewCell.xib in Resources */,
				486C0B2523D4624700544AAE /* SwitchTableViewCell.xib in Resources */,
				486C0B2D23D462B000544AAE /* InitObj.plist in Resources */,
				AF12C8A821D22C90007450EF /* Main.storyboard in Resources */,
				486C0B2123D4624700544AAE /* AddContextTableViewCell.xib in Resources */,
			);
			runOnlyForDeploymentPostprocessing = 0;
		};
/* End PBXResourcesBuildPhase section */

/* Begin PBXShellScriptBuildPhase section */
		68AEF28ADF61EE937676947C /* [CP] Check Pods Manifest.lock */ = {
			isa = PBXShellScriptBuildPhase;
			buildActionMask = 2147483647;
			files = (
			);
			inputFileListPaths = (
			);
			inputPaths = (
				"${PODS_PODFILE_DIR_PATH}/Podfile.lock",
				"${PODS_ROOT}/Manifest.lock",
			);
			name = "[CP] Check Pods Manifest.lock";
			outputFileListPaths = (
			);
			outputPaths = (
				"$(DERIVED_FILE_DIR)/Pods-BasicSample-checkManifestLockResult.txt",
			);
			runOnlyForDeploymentPostprocessing = 0;
			shellPath = /bin/sh;
			shellScript = "diff \"${PODS_PODFILE_DIR_PATH}/Podfile.lock\" \"${PODS_ROOT}/Manifest.lock\" > /dev/null\nif [ $? != 0 ] ; then\n    # print error to STDERR\n    echo \"error: The sandbox is not in sync with the Podfile.lock. Run 'pod install' or update your CocoaPods installation.\" >&2\n    exit 1\nfi\n# This output is used by Xcode 'outputs' to avoid re-running this script phase.\necho \"SUCCESS\" > \"${SCRIPT_OUTPUT_FILE_0}\"\n";
			showEnvVarsInLog = 0;
		};
		DE28CD3417E0A4990C2BEEB4 /* [CP] Embed Pods Frameworks */ = {
			isa = PBXShellScriptBuildPhase;
			buildActionMask = 2147483647;
			files = (
			);
			inputFileListPaths = (
				"${PODS_ROOT}/Target Support Files/Pods-BasicSample/Pods-BasicSample-frameworks-${CONFIGURATION}-input-files.xcfilelist",
			);
			name = "[CP] Embed Pods Frameworks";
			outputFileListPaths = (
				"${PODS_ROOT}/Target Support Files/Pods-BasicSample/Pods-BasicSample-frameworks-${CONFIGURATION}-output-files.xcfilelist",
			);
			runOnlyForDeploymentPostprocessing = 0;
			shellPath = /bin/sh;
			shellScript = "\"${PODS_ROOT}/Target Support Files/Pods-BasicSample/Pods-BasicSample-frameworks.sh\"\n";
			showEnvVarsInLog = 0;
		};
/* End PBXShellScriptBuildPhase section */

/* Begin PBXSourcesBuildPhase section */
		AF12C89B21D22C90007450EF /* Sources */ = {
			isa = PBXSourcesBuildPhase;
			buildActionMask = 2147483647;
			files = (
				489961602278348000D86590 /* ChatHistoryGroup+CoreDataProperties.swift in Sources */,
				486C0B2223D4624700544AAE /* ContextsTableViewCell.swift in Sources */,
				48996152227741B300D86590 /* RestoreChat.swift in Sources */,
				48A5A19C227635FD0073F57B /* DemoTableViewCell.swift in Sources */,
				48A5A19A22761DCB0073F57B /* MainTableViewController.swift in Sources */,
				EC4BF4DF2554602F00AF438D /* BoldFormViewController.swift in Sources */,
				486C0B2723D4624700544AAE /* SwitchTableViewCell.swift in Sources */,
				486C0B2423D4624700544AAE /* InputTableViewCell.swift in Sources */,
				486C0B3823D46C9100544AAE /* OptionButton.swift in Sources */,
				4899614422773FAD00D86590 /* RestoreChatDemoViewController.swift in Sources */,
				AF91186C238D1583007F5D3A /* CustomFileUploadDemoVC.swift in Sources */,
				ECE12751231BB34700A362C7 /* ContinuityDemoViewController.swift in Sources */,
				AFF9BCAB22E86CC60078DD8A /* AvailibilityViewController.swift in Sources */,
				483EA67C2369CA7100B9BBE1 /* HandOverHandler.swift in Sources */,
				487351CC22784A7F0029F295 /* HistoryDemoViewController.swift in Sources */,
				486C0B2823D4624700544AAE /* AddContextTableViewCell.swift in Sources */,
				CEB582A625CC18EB001C2CDA /* Config.swift in Sources */,
				4899614822773FD300D86590 /* RestoredChatDemo.xcdatamodeld in Sources */,
				486C0B2623D4624700544AAE /* AccountDataTableViewCell.swift in Sources */,
				4899614E22773FF700D86590 /* ChatConfiguration+CoreDataProperties.swift in Sources */,
				AF911888239000DB007F5D3A /* FileUploadDemoViewController.swift in Sources */,
				4899614F22773FF700D86590 /* ChatHistoryItem+CoreDataClass.swift in Sources */,
				4899614D22773FF700D86590 /* ChatConfiguration+CoreDataClass.swift in Sources */,
				AF12C8A321D22C90007450EF /* AppDelegate.swift in Sources */,
				484F087023D5AFE30013046C /* LiveAccountViewController.swift in Sources */,
				4899614222763B1800D86590 /* AgentViewController.swift in Sources */,
				486C0B1523D4620D00544AAE /* AccountTableViewController.swift in Sources */,
				4848892022EEF871000CF01E /* EmbedDemoViewController.swift in Sources */,
				4899615022773FF700D86590 /* ChatHistoryItem+CoreDataProperties.swift in Sources */,
				4899614022763AD500D86590 /* BotDemoViewController.swift in Sources */,
				4899615F2278348000D86590 /* ChatHistoryGroup+CoreDataClass.swift in Sources */,
				486C0B3123D462F100544AAE /* InputItemModel.swift in Sources */,
				486C0B2F23D462CD00544AAE /* AccountHandler.swift in Sources */,
				48F6DBA2230C4220008EA1A0 /* AutoCompleteViewController.swift in Sources */,
			);
			runOnlyForDeploymentPostprocessing = 0;
		};
/* End PBXSourcesBuildPhase section */

/* Begin PBXVariantGroup section */
		AF12C8A621D22C90007450EF /* Main.storyboard */ = {
			isa = PBXVariantGroup;
			children = (
				AF12C8A721D22C90007450EF /* Base */,
			);
			name = Main.storyboard;
			sourceTree = "<group>";
		};
		AF12C8AB21D22C91007450EF /* LaunchScreen.storyboard */ = {
			isa = PBXVariantGroup;
			children = (
				AF12C8AC21D22C91007450EF /* Base */,
			);
			name = LaunchScreen.storyboard;
			sourceTree = "<group>";
		};
/* End PBXVariantGroup section */

/* Begin XCBuildConfiguration section */
		AF12C8AF21D22C91007450EF /* Debug */ = {
			isa = XCBuildConfiguration;
			buildSettings = {
				ALWAYS_SEARCH_USER_PATHS = NO;
				CLANG_ANALYZER_NONNULL = YES;
				CLANG_ANALYZER_NUMBER_OBJECT_CONVERSION = YES_AGGRESSIVE;
				CLANG_CXX_LANGUAGE_STANDARD = "gnu++14";
				CLANG_CXX_LIBRARY = "libc++";
				CLANG_ENABLE_MODULES = YES;
				CLANG_ENABLE_OBJC_ARC = YES;
				CLANG_ENABLE_OBJC_WEAK = YES;
				CLANG_WARN_BLOCK_CAPTURE_AUTORELEASING = YES;
				CLANG_WARN_BOOL_CONVERSION = YES;
				CLANG_WARN_COMMA = YES;
				CLANG_WARN_CONSTANT_CONVERSION = YES;
				CLANG_WARN_DEPRECATED_OBJC_IMPLEMENTATIONS = YES;
				CLANG_WARN_DIRECT_OBJC_ISA_USAGE = YES_ERROR;
				CLANG_WARN_DOCUMENTATION_COMMENTS = YES;
				CLANG_WARN_EMPTY_BODY = YES;
				CLANG_WARN_ENUM_CONVERSION = YES;
				CLANG_WARN_INFINITE_RECURSION = YES;
				CLANG_WARN_INT_CONVERSION = YES;
				CLANG_WARN_NON_LITERAL_NULL_CONVERSION = YES;
				CLANG_WARN_OBJC_IMPLICIT_RETAIN_SELF = YES;
				CLANG_WARN_OBJC_LITERAL_CONVERSION = YES;
				CLANG_WARN_OBJC_ROOT_CLASS = YES_ERROR;
				CLANG_WARN_QUOTED_INCLUDE_IN_FRAMEWORK_HEADER = YES;
				CLANG_WARN_RANGE_LOOP_ANALYSIS = YES;
				CLANG_WARN_STRICT_PROTOTYPES = YES;
				CLANG_WARN_SUSPICIOUS_MOVE = YES;
				CLANG_WARN_UNGUARDED_AVAILABILITY = YES_AGGRESSIVE;
				CLANG_WARN_UNREACHABLE_CODE = YES;
				CLANG_WARN__DUPLICATE_METHOD_MATCH = YES;
				CODE_SIGN_IDENTITY = "iPhone Developer";
				COPY_PHASE_STRIP = NO;
				DEBUG_INFORMATION_FORMAT = dwarf;
				ENABLE_STRICT_OBJC_MSGSEND = YES;
				ENABLE_TESTABILITY = YES;
				GCC_C_LANGUAGE_STANDARD = gnu11;
				GCC_DYNAMIC_NO_PIC = NO;
				GCC_NO_COMMON_BLOCKS = YES;
				GCC_OPTIMIZATION_LEVEL = 0;
				GCC_PREPROCESSOR_DEFINITIONS = (
					"DEBUG=1",
					"$(inherited)",
				);
				GCC_WARN_64_TO_32_BIT_CONVERSION = YES;
				GCC_WARN_ABOUT_RETURN_TYPE = YES_ERROR;
				GCC_WARN_UNDECLARED_SELECTOR = YES;
				GCC_WARN_UNINITIALIZED_AUTOS = YES_AGGRESSIVE;
				GCC_WARN_UNUSED_FUNCTION = YES;
				GCC_WARN_UNUSED_VARIABLE = YES;
				IPHONEOS_DEPLOYMENT_TARGET = 11.4;
				MTL_ENABLE_DEBUG_INFO = YES;
				ONLY_ACTIVE_ARCH = YES;
				SDKROOT = iphoneos;
				SWIFT_ACTIVE_COMPILATION_CONDITIONS = DEBUG;
				SWIFT_OPTIMIZATION_LEVEL = "-Onone";
			};
			name = Debug;
		};
		AF12C8B021D22C91007450EF /* Release */ = {
			isa = XCBuildConfiguration;
			buildSettings = {
				ALWAYS_SEARCH_USER_PATHS = NO;
				CLANG_ANALYZER_NONNULL = YES;
				CLANG_ANALYZER_NUMBER_OBJECT_CONVERSION = YES_AGGRESSIVE;
				CLANG_CXX_LANGUAGE_STANDARD = "gnu++14";
				CLANG_CXX_LIBRARY = "libc++";
				CLANG_ENABLE_MODULES = YES;
				CLANG_ENABLE_OBJC_ARC = YES;
				CLANG_ENABLE_OBJC_WEAK = YES;
				CLANG_WARN_BLOCK_CAPTURE_AUTORELEASING = YES;
				CLANG_WARN_BOOL_CONVERSION = YES;
				CLANG_WARN_COMMA = YES;
				CLANG_WARN_CONSTANT_CONVERSION = YES;
				CLANG_WARN_DEPRECATED_OBJC_IMPLEMENTATIONS = YES;
				CLANG_WARN_DIRECT_OBJC_ISA_USAGE = YES_ERROR;
				CLANG_WARN_DOCUMENTATION_COMMENTS = YES;
				CLANG_WARN_EMPTY_BODY = YES;
				CLANG_WARN_ENUM_CONVERSION = YES;
				CLANG_WARN_INFINITE_RECURSION = YES;
				CLANG_WARN_INT_CONVERSION = YES;
				CLANG_WARN_NON_LITERAL_NULL_CONVERSION = YES;
				CLANG_WARN_OBJC_IMPLICIT_RETAIN_SELF = YES;
				CLANG_WARN_OBJC_LITERAL_CONVERSION = YES;
				CLANG_WARN_OBJC_ROOT_CLASS = YES_ERROR;
				CLANG_WARN_QUOTED_INCLUDE_IN_FRAMEWORK_HEADER = YES;
				CLANG_WARN_RANGE_LOOP_ANALYSIS = YES;
				CLANG_WARN_STRICT_PROTOTYPES = YES;
				CLANG_WARN_SUSPICIOUS_MOVE = YES;
				CLANG_WARN_UNGUARDED_AVAILABILITY = YES_AGGRESSIVE;
				CLANG_WARN_UNREACHABLE_CODE = YES;
				CLANG_WARN__DUPLICATE_METHOD_MATCH = YES;
				CODE_SIGN_IDENTITY = "iPhone Developer";
				COPY_PHASE_STRIP = NO;
				DEBUG_INFORMATION_FORMAT = "dwarf-with-dsym";
				ENABLE_NS_ASSERTIONS = NO;
				ENABLE_STRICT_OBJC_MSGSEND = YES;
				GCC_C_LANGUAGE_STANDARD = gnu11;
				GCC_NO_COMMON_BLOCKS = YES;
				GCC_WARN_64_TO_32_BIT_CONVERSION = YES;
				GCC_WARN_ABOUT_RETURN_TYPE = YES_ERROR;
				GCC_WARN_UNDECLARED_SELECTOR = YES;
				GCC_WARN_UNINITIALIZED_AUTOS = YES_AGGRESSIVE;
				GCC_WARN_UNUSED_FUNCTION = YES;
				GCC_WARN_UNUSED_VARIABLE = YES;
				IPHONEOS_DEPLOYMENT_TARGET = 11.4;
				MTL_ENABLE_DEBUG_INFO = NO;
				SDKROOT = iphoneos;
				SWIFT_COMPILATION_MODE = wholemodule;
				SWIFT_OPTIMIZATION_LEVEL = "-O";
				VALIDATE_PRODUCT = YES;
			};
			name = Release;
		};
		AF12C8B221D22C91007450EF /* Debug */ = {
			isa = XCBuildConfiguration;
			baseConfigurationReference = DC471EDB9771219B161567B8 /* Pods-BasicSample.debug.xcconfig */;
			buildSettings = {
				ASSETCATALOG_COMPILER_APPICON_NAME = AppIcon;
				CODE_SIGN_STYLE = Automatic;
				DEVELOPMENT_TEAM = VNQ8G44ZN2;
				GCC_OPTIMIZATION_LEVEL = 0;
				INFOPLIST_FILE = BasicSample/Info.plist;
				LD_RUNPATH_SEARCH_PATHS = (
					"$(inherited)",
					"@executable_path/Frameworks",
				);
				PRODUCT_BUNDLE_IDENTIFIER = com.bold360ai.engine.sdk;
				PRODUCT_NAME = "$(TARGET_NAME)";
				SWIFT_VERSION = 5.0;
				TARGETED_DEVICE_FAMILY = "1,2";
			};
			name = Debug;
		};
		AF12C8B321D22C91007450EF /* Release */ = {
			isa = XCBuildConfiguration;
			baseConfigurationReference = BA80E9076A29ED3FA7074703 /* Pods-BasicSample.release.xcconfig */;
			buildSettings = {
				ASSETCATALOG_COMPILER_APPICON_NAME = AppIcon;
				CODE_SIGN_STYLE = Automatic;
				DEVELOPMENT_TEAM = VNQ8G44ZN2;
				GCC_OPTIMIZATION_LEVEL = 0;
				INFOPLIST_FILE = BasicSample/Info.plist;
				LD_RUNPATH_SEARCH_PATHS = (
					"$(inherited)",
					"@executable_path/Frameworks",
				);
				PRODUCT_BUNDLE_IDENTIFIER = com.bold360ai.engine.sdk;
				PRODUCT_NAME = "$(TARGET_NAME)";
				SWIFT_OPTIMIZATION_LEVEL = "-Onone";
				SWIFT_VERSION = 5.0;
				TARGETED_DEVICE_FAMILY = "1,2";
			};
			name = Release;
		};
/* End XCBuildConfiguration section */

/* Begin XCConfigurationList section */
		AF12C89A21D22C90007450EF /* Build configuration list for PBXProject "BasicSample" */ = {
			isa = XCConfigurationList;
			buildConfigurations = (
				AF12C8AF21D22C91007450EF /* Debug */,
				AF12C8B021D22C91007450EF /* Release */,
			);
			defaultConfigurationIsVisible = 0;
			defaultConfigurationName = Release;
		};
		AF12C8B121D22C91007450EF /* Build configuration list for PBXNativeTarget "BasicSample" */ = {
			isa = XCConfigurationList;
			buildConfigurations = (
				AF12C8B221D22C91007450EF /* Debug */,
				AF12C8B321D22C91007450EF /* Release */,
			);
			defaultConfigurationIsVisible = 0;
			defaultConfigurationName = Release;
		};
/* End XCConfigurationList section */

/* Begin XCVersionGroup section */
		4899614622773FD300D86590 /* RestoredChatDemo.xcdatamodeld */ = {
			isa = XCVersionGroup;
			children = (
				4899614722773FD300D86590 /* RestoredChatDemo.xcdatamodel */,
			);
			currentVersion = 4899614722773FD300D86590 /* RestoredChatDemo.xcdatamodel */;
			path = RestoredChatDemo.xcdatamodeld;
			sourceTree = "<group>";
			versionGroupType = wrapper.xcdatamodel;
		};
/* End XCVersionGroup section */
	};
	rootObject = AF12C89721D22C90007450EF /* Project object */;
}
