// !$*UTF8*$!
{
	archiveVersion = 1;
	classes = {
	};
	objectVersion = 46;
	objects = {

/* Begin PBXBuildFile section */
		F60E786E197D0D8100A92FC8 /* BCAccount+CurrentAccount.m in Sources */ = {isa = PBXBuildFile; fileRef = F60E786D197D0D8100A92FC8 /* BCAccount+CurrentAccount.m */; };
		F64E07DE190ABE0900DB244D /* InitialViewController.m in Sources */ = {isa = PBXBuildFile; fileRef = F64E07DD190ABE0900DB244D /* InitialViewController.m */; };
		F65B948519091A5F00F7B658 /* Foundation.framework in Frameworks */ = {isa = PBXBuildFile; fileRef = F65B948419091A5F00F7B658 /* Foundation.framework */; };
		F65B948719091A5F00F7B658 /* CoreGraphics.framework in Frameworks */ = {isa = PBXBuildFile; fileRef = F65B948619091A5F00F7B658 /* CoreGraphics.framework */; };
		F65B948919091A5F00F7B658 /* UIKit.framework in Frameworks */ = {isa = PBXBuildFile; fileRef = F65B948819091A5F00F7B658 /* UIKit.framework */; };
		F65B948F19091A5F00F7B658 /* InfoPlist.strings in Resources */ = {isa = PBXBuildFile; fileRef = F65B948D19091A5F00F7B658 /* InfoPlist.strings */; };
		F65B949119091A5F00F7B658 /* main.m in Sources */ = {isa = PBXBuildFile; fileRef = F65B949019091A5F00F7B658 /* main.m */; };
		F65B949519091A5F00F7B658 /* AppDelegate.m in Sources */ = {isa = PBXBuildFile; fileRef = F65B949419091A5F00F7B658 /* AppDelegate.m */; };
		F65B949719091A5F00F7B658 /* Images.xcassets in Resources */ = {isa = PBXBuildFile; fileRef = F65B949619091A5F00F7B658 /* Images.xcassets */; };
		F65B94E319091D9200F7B658 /* libicucore.dylib in Frameworks */ = {isa = PBXBuildFile; fileRef = F65B94E219091D9200F7B658 /* libicucore.dylib */; };
		F65F107B191A802A000BE03D /* OpenerViewController.m in Sources */ = {isa = PBXBuildFile; fileRef = F65F107A191A802A000BE03D /* OpenerViewController.m */; };
		F65F1081191AEA68000BE03D /* AppViewController.m in Sources */ = {isa = PBXBuildFile; fileRef = F65F1080191AEA68000BE03D /* AppViewController.m */; };
		F65F1084191AEA93000BE03D /* ChatStartedViewController.m in Sources */ = {isa = PBXBuildFile; fileRef = F65F1083191AEA93000BE03D /* ChatStartedViewController.m */; };
		F6B6E363191BD6080063D6E1 /* EmbedderViewController.m in Sources */ = {isa = PBXBuildFile; fileRef = F6B6E362191BD6080063D6E1 /* EmbedderViewController.m */; };
		F6F61BD619218171009CD6DB /* settings_icon@2X.png in Resources */ = {isa = PBXBuildFile; fileRef = F6F61BD419218171009CD6DB /* settings_icon@2X.png */; };
		F6F61BD719218171009CD6DB /* tbChatBlue.png in Resources */ = {isa = PBXBuildFile; fileRef = F6F61BD519218171009CD6DB /* tbChatBlue.png */; };
		F8B111461FA0E8A600CC7B2A /* Launch Screen.storyboard in Resources */ = {isa = PBXBuildFile; fileRef = F8B111451FA0E8A600CC7B2A /* Launch Screen.storyboard */; };
/* End PBXBuildFile section */

/* Begin PBXFileReference section */
		F60E786C197D0D8100A92FC8 /* BCAccount+CurrentAccount.h */ = {isa = PBXFileReference; fileEncoding = 4; lastKnownFileType = sourcecode.c.h; path = "BCAccount+CurrentAccount.h"; sourceTree = "<group>"; };
		F60E786D197D0D8100A92FC8 /* BCAccount+CurrentAccount.m */ = {isa = PBXFileReference; fileEncoding = 4; lastKnownFileType = sourcecode.c.objc; path = "BCAccount+CurrentAccount.m"; sourceTree = "<group>"; };
		F64E07DC190ABE0900DB244D /* InitialViewController.h */ = {isa = PBXFileReference; fileEncoding = 4; lastKnownFileType = sourcecode.c.h; path = InitialViewController.h; sourceTree = "<group>"; };
		F64E07DD190ABE0900DB244D /* InitialViewController.m */ = {isa = PBXFileReference; fileEncoding = 4; lastKnownFileType = sourcecode.c.objc; path = InitialViewController.m; sourceTree = "<group>"; };
		F65B948119091A5F00F7B658 /* BoldChatVisitorSDKDemo.app */ = {isa = PBXFileReference; explicitFileType = wrapper.application; includeInIndex = 0; path = BoldChatVisitorSDKDemo.app; sourceTree = BUILT_PRODUCTS_DIR; };
		F65B948419091A5F00F7B658 /* Foundation.framework */ = {isa = PBXFileReference; lastKnownFileType = wrapper.framework; name = Foundation.framework; path = System/Library/Frameworks/Foundation.framework; sourceTree = SDKROOT; };
		F65B948619091A5F00F7B658 /* CoreGraphics.framework */ = {isa = PBXFileReference; lastKnownFileType = wrapper.framework; name = CoreGraphics.framework; path = System/Library/Frameworks/CoreGraphics.framework; sourceTree = SDKROOT; };
		F65B948819091A5F00F7B658 /* UIKit.framework */ = {isa = PBXFileReference; lastKnownFileType = wrapper.framework; name = UIKit.framework; path = System/Library/Frameworks/UIKit.framework; sourceTree = SDKROOT; };
		F65B948C19091A5F00F7B658 /* BoldChatVisitorSDKDemo-Info.plist */ = {isa = PBXFileReference; lastKnownFileType = text.plist.xml; name = "BoldChatVisitorSDKDemo-Info.plist"; path = "../BoldChatVisitorSDKDemo/BoldChatVisitorSDKDemo-Info.plist"; sourceTree = "<group>"; };
		F65B948E19091A5F00F7B658 /* en */ = {isa = PBXFileReference; lastKnownFileType = text.plist.strings; name = en; path = en.lproj/InfoPlist.strings; sourceTree = "<group>"; };
		F65B949019091A5F00F7B658 /* main.m */ = {isa = PBXFileReference; lastKnownFileType = sourcecode.c.objc; name = main.m; path = ../BoldChatVisitorSDKDemo/main.m; sourceTree = "<group>"; };
		F65B949219091A5F00F7B658 /* BoldChatVisitorSDKDemo-Prefix.pch */ = {isa = PBXFileReference; lastKnownFileType = sourcecode.c.h; name = "BoldChatVisitorSDKDemo-Prefix.pch"; path = "../BoldChatVisitorSDKDemo/BoldChatVisitorSDKDemo-Prefix.pch"; sourceTree = "<group>"; };
		F65B949319091A5F00F7B658 /* AppDelegate.h */ = {isa = PBXFileReference; lastKnownFileType = sourcecode.c.h; name = AppDelegate.h; path = ../BoldChatVisitorSDKDemo/AppDelegate.h; sourceTree = "<group>"; };
		F65B949419091A5F00F7B658 /* AppDelegate.m */ = {isa = PBXFileReference; lastKnownFileType = sourcecode.c.objc; name = AppDelegate.m; path = ../BoldChatVisitorSDKDemo/AppDelegate.m; sourceTree = "<group>"; };
		F65B949619091A5F00F7B658 /* Images.xcassets */ = {isa = PBXFileReference; lastKnownFileType = folder.assetcatalog; name = Images.xcassets; path = ../BoldChatVisitorSDKDemo/Images.xcassets; sourceTree = "<group>"; };
		F65B949D19091A5F00F7B658 /* XCTest.framework */ = {isa = PBXFileReference; lastKnownFileType = wrapper.framework; name = XCTest.framework; path = Library/Frameworks/XCTest.framework; sourceTree = DEVELOPER_DIR; };
		F65B94A519091A5F00F7B658 /* BoldChatVisitorSDKDemoTests-Info.plist */ = {isa = PBXFileReference; lastKnownFileType = text.plist.xml; path = "BoldChatVisitorSDKDemoTests-Info.plist"; sourceTree = "<group>"; };
		F65B94A719091A5F00F7B658 /* en */ = {isa = PBXFileReference; lastKnownFileType = text.plist.strings; name = en; path = en.lproj/InfoPlist.strings; sourceTree = "<group>"; };
		F65B94E219091D9200F7B658 /* libicucore.dylib */ = {isa = PBXFileReference; lastKnownFileType = "compiled.mach-o.dylib"; name = libicucore.dylib; path = usr/lib/libicucore.dylib; sourceTree = SDKROOT; };
		F65F1079191A802A000BE03D /* OpenerViewController.h */ = {isa = PBXFileReference; fileEncoding = 4; lastKnownFileType = sourcecode.c.h; path = OpenerViewController.h; sourceTree = "<group>"; };
		F65F107A191A802A000BE03D /* OpenerViewController.m */ = {isa = PBXFileReference; fileEncoding = 4; lastKnownFileType = sourcecode.c.objc; path = OpenerViewController.m; sourceTree = "<group>"; };
		F65F107F191AEA68000BE03D /* AppViewController.h */ = {isa = PBXFileReference; fileEncoding = 4; lastKnownFileType = sourcecode.c.h; path = AppViewController.h; sourceTree = "<group>"; };
		F65F1080191AEA68000BE03D /* AppViewController.m */ = {isa = PBXFileReference; fileEncoding = 4; lastKnownFileType = sourcecode.c.objc; path = AppViewController.m; sourceTree = "<group>"; };
		F65F1082191AEA93000BE03D /* ChatStartedViewController.h */ = {isa = PBXFileReference; fileEncoding = 4; lastKnownFileType = sourcecode.c.h; path = ChatStartedViewController.h; sourceTree = "<group>"; };
		F65F1083191AEA93000BE03D /* ChatStartedViewController.m */ = {isa = PBXFileReference; fileEncoding = 4; lastKnownFileType = sourcecode.c.objc; path = ChatStartedViewController.m; sourceTree = "<group>"; };
		F682DF0B1942190B00B99829 /* de */ = {isa = PBXFileReference; lastKnownFileType = text.plist.strings; name = de; path = de.lproj/InfoPlist.strings; sourceTree = "<group>"; };
		F682DF0C1942190B00B99829 /* de */ = {isa = PBXFileReference; lastKnownFileType = text.plist.strings; name = de; path = de.lproj/InfoPlist.strings; sourceTree = "<group>"; };
		F682DF0D1942191200B99829 /* fr */ = {isa = PBXFileReference; lastKnownFileType = text.plist.strings; name = fr; path = fr.lproj/InfoPlist.strings; sourceTree = "<group>"; };
		F682DF0E1942191200B99829 /* fr */ = {isa = PBXFileReference; lastKnownFileType = text.plist.strings; name = fr; path = fr.lproj/InfoPlist.strings; sourceTree = "<group>"; };
		F682DF0F1942191F00B99829 /* it */ = {isa = PBXFileReference; lastKnownFileType = text.plist.strings; name = it; path = it.lproj/InfoPlist.strings; sourceTree = "<group>"; };
		F682DF101942191F00B99829 /* it */ = {isa = PBXFileReference; lastKnownFileType = text.plist.strings; name = it; path = it.lproj/InfoPlist.strings; sourceTree = "<group>"; };
		F682DF111942192800B99829 /* nl */ = {isa = PBXFileReference; lastKnownFileType = text.plist.strings; name = nl; path = nl.lproj/InfoPlist.strings; sourceTree = "<group>"; };
		F682DF121942192800B99829 /* nl */ = {isa = PBXFileReference; lastKnownFileType = text.plist.strings; name = nl; path = nl.lproj/InfoPlist.strings; sourceTree = "<group>"; };
		F682DF131942193400B99829 /* pt-PT */ = {isa = PBXFileReference; lastKnownFileType = text.plist.strings; name = "pt-PT"; path = "pt-PT.lproj/InfoPlist.strings"; sourceTree = "<group>"; };
		F682DF141942193400B99829 /* pt-PT */ = {isa = PBXFileReference; lastKnownFileType = text.plist.strings; name = "pt-PT"; path = "pt-PT.lproj/InfoPlist.strings"; sourceTree = "<group>"; };
		F6B6E361191BD6080063D6E1 /* EmbedderViewController.h */ = {isa = PBXFileReference; fileEncoding = 4; lastKnownFileType = sourcecode.c.h; path = EmbedderViewController.h; sourceTree = "<group>"; };
		F6B6E362191BD6080063D6E1 /* EmbedderViewController.m */ = {isa = PBXFileReference; fileEncoding = 4; lastKnownFileType = sourcecode.c.objc; path = EmbedderViewController.m; sourceTree = "<group>"; };
		F6F61BD419218171009CD6DB /* settings_icon@2X.png */ = {isa = PBXFileReference; lastKnownFileType = image.png; name = "settings_icon@2X.png"; path = "Images/settings_icon@2X.png"; sourceTree = "<group>"; };
		F6F61BD519218171009CD6DB /* tbChatBlue.png */ = {isa = PBXFileReference; lastKnownFileType = image.png; name = tbChatBlue.png; path = Images/tbChatBlue.png; sourceTree = "<group>"; };
		F8B111451FA0E8A600CC7B2A /* Launch Screen.storyboard */ = {isa = PBXFileReference; lastKnownFileType = file.storyboard; path = "Launch Screen.storyboard"; sourceTree = "<group>"; };
/* End PBXFileReference section */

/* Begin PBXFrameworksBuildPhase section */
		F65B947E19091A5F00F7B658 /* Frameworks */ = {
			isa = PBXFrameworksBuildPhase;
			buildActionMask = 2147483647;
			files = (
				F65B94E319091D9200F7B658 /* libicucore.dylib in Frameworks */,
				F65B948719091A5F00F7B658 /* CoreGraphics.framework in Frameworks */,
				F65B948919091A5F00F7B658 /* UIKit.framework in Frameworks */,
				F65B948519091A5F00F7B658 /* Foundation.framework in Frameworks */,
			);
			runOnlyForDeploymentPostprocessing = 0;
		};
/* End PBXFrameworksBuildPhase section */

/* Begin PBXGroup section */
		F615ABBA1911286A00EDDCE7 /* Resources */ = {
			isa = PBXGroup;
			children = (
			);
			name = Resources;
			path = BoldChatVisitorSDK.framework/Resources;
			sourceTree = "<group>";
		};
		F65B947819091A5F00F7B658 = {
			isa = PBXGroup;
			children = (
				F6F61BD31921815C009CD6DB /* Images */,
				F65B948A19091A5F00F7B658 /* BoldChatVisitorSDKDemo */,
				F65B94A319091A5F00F7B658 /* BoldChatVisitorSDKDemoTests */,
				F65B948319091A5F00F7B658 /* Frameworks */,
				F65B948219091A5F00F7B658 /* Products */,
				FBD727BDCAFB7CDF669A3D0C /* Pods */,
			);
			sourceTree = "<group>";
		};
		F65B948219091A5F00F7B658 /* Products */ = {
			isa = PBXGroup;
			children = (
				F65B948119091A5F00F7B658 /* BoldChatVisitorSDKDemo.app */,
			);
			name = Products;
			sourceTree = "<group>";
		};
		F65B948319091A5F00F7B658 /* Frameworks */ = {
			isa = PBXGroup;
			children = (
				F615ABBA1911286A00EDDCE7 /* Resources */,
				F65B94E219091D9200F7B658 /* libicucore.dylib */,
				F65B948419091A5F00F7B658 /* Foundation.framework */,
				F65B948619091A5F00F7B658 /* CoreGraphics.framework */,
				F65B948819091A5F00F7B658 /* UIKit.framework */,
				F65B949D19091A5F00F7B658 /* XCTest.framework */,
			);
			name = Frameworks;
			sourceTree = "<group>";
		};
		F65B948A19091A5F00F7B658 /* BoldChatVisitorSDKDemo */ = {
			isa = PBXGroup;
			children = (
				F8B111451FA0E8A600CC7B2A /* Launch Screen.storyboard */,
				F65B949319091A5F00F7B658 /* AppDelegate.h */,
				F65B949419091A5F00F7B658 /* AppDelegate.m */,
				F65B949619091A5F00F7B658 /* Images.xcassets */,
				F65B948B19091A5F00F7B658 /* Supporting Files */,
				F64E07DC190ABE0900DB244D /* InitialViewController.h */,
				F64E07DD190ABE0900DB244D /* InitialViewController.m */,
				F65F1079191A802A000BE03D /* OpenerViewController.h */,
				F65F107A191A802A000BE03D /* OpenerViewController.m */,
				F65F107F191AEA68000BE03D /* AppViewController.h */,
				F65F1080191AEA68000BE03D /* AppViewController.m */,
				F65F1082191AEA93000BE03D /* ChatStartedViewController.h */,
				F65F1083191AEA93000BE03D /* ChatStartedViewController.m */,
				F6B6E361191BD6080063D6E1 /* EmbedderViewController.h */,
				F6B6E362191BD6080063D6E1 /* EmbedderViewController.m */,
				F60E786C197D0D8100A92FC8 /* BCAccount+CurrentAccount.h */,
				F60E786D197D0D8100A92FC8 /* BCAccount+CurrentAccount.m */,
			);
			path = BoldChatVisitorSDKDemo;
			sourceTree = "<group>";
		};
		F65B948B19091A5F00F7B658 /* Supporting Files */ = {
			isa = PBXGroup;
			children = (
				F65B948C19091A5F00F7B658 /* BoldChatVisitorSDKDemo-Info.plist */,
				F65B948D19091A5F00F7B658 /* InfoPlist.strings */,
				F65B949019091A5F00F7B658 /* main.m */,
				F65B949219091A5F00F7B658 /* BoldChatVisitorSDKDemo-Prefix.pch */,
			);
			name = "Supporting Files";
			sourceTree = "<group>";
		};
		F65B94A319091A5F00F7B658 /* BoldChatVisitorSDKDemoTests */ = {
			isa = PBXGroup;
			children = (
				F65B94A419091A5F00F7B658 /* Supporting Files */,
			);
			path = BoldChatVisitorSDKDemoTests;
			sourceTree = "<group>";
		};
		F65B94A419091A5F00F7B658 /* Supporting Files */ = {
			isa = PBXGroup;
			children = (
				F65B94A519091A5F00F7B658 /* BoldChatVisitorSDKDemoTests-Info.plist */,
				F65B94A619091A5F00F7B658 /* InfoPlist.strings */,
			);
			name = "Supporting Files";
			sourceTree = "<group>";
		};
		F6F61BD31921815C009CD6DB /* Images */ = {
			isa = PBXGroup;
			children = (
				F6F61BD419218171009CD6DB /* settings_icon@2X.png */,
				F6F61BD519218171009CD6DB /* tbChatBlue.png */,
			);
			name = Images;
			sourceTree = "<group>";
		};
		FBD727BDCAFB7CDF669A3D0C /* Pods */ = {
			isa = PBXGroup;
			children = (
			);
			path = Pods;
			sourceTree = "<group>";
		};
/* End PBXGroup section */

/* Begin PBXNativeTarget section */
		F65B948019091A5F00F7B658 /* BoldChatVisitorSDKDemo */ = {
			isa = PBXNativeTarget;
			buildConfigurationList = F65B94AD19091A5F00F7B658 /* Build configuration list for PBXNativeTarget "BoldChatVisitorSDKDemo" */;
			buildPhases = (
				F65B947D19091A5F00F7B658 /* Sources */,
				F65B947E19091A5F00F7B658 /* Frameworks */,
				F65B947F19091A5F00F7B658 /* Resources */,
			);
			buildRules = (
			);
			dependencies = (
			);
			name = BoldChatVisitorSDKDemo;
			productName = BoldChatVisitorSDKDemo;
			productReference = F65B948119091A5F00F7B658 /* BoldChatVisitorSDKDemo.app */;
			productType = "com.apple.product-type.application";
		};
/* End PBXNativeTarget section */

/* Begin PBXProject section */
		F65B947919091A5F00F7B658 /* Project object */ = {
			isa = PBXProject;
			attributes = {
				LastUpgradeCheck = 0510;
				ORGANIZATIONNAME = "LogMeIn Inc.";
				TargetAttributes = {
					F65B948019091A5F00F7B658 = {
						DevelopmentTeam = GFNFVT632V;
						ProvisioningStyle = Automatic;
					};
				};
			};
			buildConfigurationList = F65B947C19091A5F00F7B658 /* Build configuration list for PBXProject "BoldChatVisitorSDKDemo" */;
			compatibilityVersion = "Xcode 3.2";
			developmentRegion = English;
			hasScannedForEncodings = 0;
			knownRegions = (
				English,
				en,
				de,
				fr,
				it,
				nl,
				"pt-PT",
			);
			mainGroup = F65B947819091A5F00F7B658;
			productRefGroup = F65B948219091A5F00F7B658 /* Products */;
			projectDirPath = "";
			projectRoot = "";
			targets = (
				F65B948019091A5F00F7B658 /* BoldChatVisitorSDKDemo */,
			);
		};
/* End PBXProject section */

/* Begin PBXResourcesBuildPhase section */
		F65B947F19091A5F00F7B658 /* Resources */ = {
			isa = PBXResourcesBuildPhase;
			buildActionMask = 2147483647;
			files = (
				F6F61BD719218171009CD6DB /* tbChatBlue.png in Resources */,
				F8B111461FA0E8A600CC7B2A /* Launch Screen.storyboard in Resources */,
				F6F61BD619218171009CD6DB /* settings_icon@2X.png in Resources */,
				F65B948F19091A5F00F7B658 /* InfoPlist.strings in Resources */,
				F65B949719091A5F00F7B658 /* Images.xcassets in Resources */,
			);
			runOnlyForDeploymentPostprocessing = 0;
		};
/* End PBXResourcesBuildPhase section */

/* Begin PBXSourcesBuildPhase section */
		F65B947D19091A5F00F7B658 /* Sources */ = {
			isa = PBXSourcesBuildPhase;
			buildActionMask = 2147483647;
			files = (
				F65F1081191AEA68000BE03D /* AppViewController.m in Sources */,
				F64E07DE190ABE0900DB244D /* InitialViewController.m in Sources */,
				F60E786E197D0D8100A92FC8 /* BCAccount+CurrentAccount.m in Sources */,
				F65F1084191AEA93000BE03D /* ChatStartedViewController.m in Sources */,
				F65F107B191A802A000BE03D /* OpenerViewController.m in Sources */,
				F6B6E363191BD6080063D6E1 /* EmbedderViewController.m in Sources */,
				F65B949519091A5F00F7B658 /* AppDelegate.m in Sources */,
				F65B949119091A5F00F7B658 /* main.m in Sources */,
			);
			runOnlyForDeploymentPostprocessing = 0;
		};
/* End PBXSourcesBuildPhase section */

/* Begin PBXVariantGroup section */
		F65B948D19091A5F00F7B658 /* InfoPlist.strings */ = {
			isa = PBXVariantGroup;
			children = (
				F65B948E19091A5F00F7B658 /* en */,
				F682DF0B1942190B00B99829 /* de */,
				F682DF0D1942191200B99829 /* fr */,
				F682DF0F1942191F00B99829 /* it */,
				F682DF111942192800B99829 /* nl */,
				F682DF131942193400B99829 /* pt-PT */,
			);
			name = InfoPlist.strings;
			sourceTree = "<group>";
		};
		F65B94A619091A5F00F7B658 /* InfoPlist.strings */ = {
			isa = PBXVariantGroup;
			children = (
				F65B94A719091A5F00F7B658 /* en */,
				F682DF0C1942190B00B99829 /* de */,
				F682DF0E1942191200B99829 /* fr */,
				F682DF101942191F00B99829 /* it */,
				F682DF121942192800B99829 /* nl */,
				F682DF141942193400B99829 /* pt-PT */,
			);
			name = InfoPlist.strings;
			sourceTree = "<group>";
		};
/* End PBXVariantGroup section */

/* Begin XCBuildConfiguration section */
		F65B94AB19091A5F00F7B658 /* Debug */ = {
			isa = XCBuildConfiguration;
			buildSettings = {
				ALWAYS_SEARCH_USER_PATHS = NO;
				CLANG_CXX_LANGUAGE_STANDARD = "gnu++0x";
				CLANG_CXX_LIBRARY = "libc++";
				CLANG_ENABLE_MODULES = YES;
				CLANG_ENABLE_OBJC_ARC = YES;
				CLANG_WARN_BOOL_CONVERSION = YES;
				CLANG_WARN_CONSTANT_CONVERSION = YES;
				CLANG_WARN_DIRECT_OBJC_ISA_USAGE = YES_ERROR;
				CLANG_WARN_EMPTY_BODY = YES;
				CLANG_WARN_ENUM_CONVERSION = YES;
				CLANG_WARN_INT_CONVERSION = YES;
				CLANG_WARN_OBJC_ROOT_CLASS = YES_ERROR;
				CLANG_WARN__DUPLICATE_METHOD_MATCH = YES;
				"CODE_SIGN_IDENTITY[sdk=iphoneos*]" = "iPhone Developer";
				COPY_PHASE_STRIP = NO;
				ENABLE_BITCODE = NO;
				GCC_C_LANGUAGE_STANDARD = gnu99;
				GCC_DYNAMIC_NO_PIC = NO;
				GCC_OPTIMIZATION_LEVEL = 0;
				GCC_PREPROCESSOR_DEFINITIONS = (
					"DEBUG=1",
					"$(inherited)",
				);
				GCC_SYMBOLS_PRIVATE_EXTERN = NO;
				GCC_WARN_64_TO_32_BIT_CONVERSION = YES;
				GCC_WARN_ABOUT_RETURN_TYPE = YES_ERROR;
				GCC_WARN_UNDECLARED_SELECTOR = YES;
				GCC_WARN_UNINITIALIZED_AUTOS = YES_AGGRESSIVE;
				GCC_WARN_UNUSED_FUNCTION = YES;
				GCC_WARN_UNUSED_VARIABLE = YES;
				IPHONEOS_DEPLOYMENT_TARGET = 9.0;
				ONLY_ACTIVE_ARCH = YES;
				SDKROOT = iphoneos;
				TARGETED_DEVICE_FAMILY = "1,2";
			};
			name = Debug;
		};
		F65B94AC19091A5F00F7B658 /* Release */ = {
			isa = XCBuildConfiguration;
			buildSettings = {
				ALWAYS_SEARCH_USER_PATHS = NO;
				CLANG_CXX_LANGUAGE_STANDARD = "gnu++0x";
				CLANG_CXX_LIBRARY = "libc++";
				CLANG_ENABLE_MODULES = YES;
				CLANG_ENABLE_OBJC_ARC = YES;
				CLANG_WARN_BOOL_CONVERSION = YES;
				CLANG_WARN_CONSTANT_CONVERSION = YES;
				CLANG_WARN_DIRECT_OBJC_ISA_USAGE = YES_ERROR;
				CLANG_WARN_EMPTY_BODY = YES;
				CLANG_WARN_ENUM_CONVERSION = YES;
				CLANG_WARN_INT_CONVERSION = YES;
				CLANG_WARN_OBJC_ROOT_CLASS = YES_ERROR;
				CLANG_WARN__DUPLICATE_METHOD_MATCH = YES;
				"CODE_SIGN_IDENTITY[sdk=iphoneos*]" = "iPhone Developer";
				COPY_PHASE_STRIP = YES;
				ENABLE_BITCODE = NO;
				ENABLE_NS_ASSERTIONS = NO;
				GCC_C_LANGUAGE_STANDARD = gnu99;
				GCC_WARN_64_TO_32_BIT_CONVERSION = YES;
				GCC_WARN_ABOUT_RETURN_TYPE = YES_ERROR;
				GCC_WARN_UNDECLARED_SELECTOR = YES;
				GCC_WARN_UNINITIALIZED_AUTOS = YES_AGGRESSIVE;
				GCC_WARN_UNUSED_FUNCTION = YES;
				GCC_WARN_UNUSED_VARIABLE = YES;
				IPHONEOS_DEPLOYMENT_TARGET = 9.0;
				SDKROOT = iphoneos;
				TARGETED_DEVICE_FAMILY = "1,2";
				VALIDATE_PRODUCT = YES;
			};
			name = Release;
		};
		F65B94AE19091A5F00F7B658 /* Debug */ = {
			isa = XCBuildConfiguration;
			buildSettings = {
				ASSETCATALOG_COMPILER_APPICON_NAME = AppIcon;
				ASSETCATALOG_COMPILER_LAUNCHIMAGE_NAME = LaunchImage;
				CODE_SIGN_STYLE = Automatic;
				DEVELOPMENT_TEAM = GFNFVT632V;
				FRAMEWORK_SEARCH_PATHS = (
					"$(inherited)",
					"$(PROJECT_DIR)",
				);
				GCC_PRECOMPILE_PREFIX_HEADER = YES;
				GCC_PREFIX_HEADER = "BoldChatVisitorSDKDemo/BoldChatVisitorSDKDemo-Prefix.pch";
				INFOPLIST_FILE = "BoldChatVisitorSDKDemo/BoldChatVisitorSDKDemo-Info.plist";
				IPHONEOS_DEPLOYMENT_TARGET = 9.0;
				LIBRARY_SEARCH_PATHS = (
					"$(inherited)",
					"$(USER_LIBRARY_DIR)/Developer/Xcode/DerivedData/VisitorSDK-gjtwfxlzwsutqfcyebrduueehlrv/Build/Products/Debug-iphoneos",
				);
				MARKETING_VERSION = 4.0;
				PRODUCT_BUNDLE_IDENTIFIER = com.logmein.bold360ai.sdk;
				PRODUCT_NAME = BoldChatVisitorSDKDemo;
				PROVISIONING_PROFILE_SPECIFIER = "";
				TARGETED_DEVICE_FAMILY = "1,2";
				USER_HEADER_SEARCH_PATHS = "";
				WRAPPER_EXTENSION = app;
			};
			name = Debug;
		};
		F65B94AF19091A5F00F7B658 /* Release */ = {
			isa = XCBuildConfiguration;
			buildSettings = {
				ASSETCATALOG_COMPILER_APPICON_NAME = AppIcon;
				ASSETCATALOG_COMPILER_LAUNCHIMAGE_NAME = LaunchImage;
				CODE_SIGN_STYLE = Automatic;
				DEVELOPMENT_TEAM = GFNFVT632V;
				FRAMEWORK_SEARCH_PATHS = (
					"$(inherited)",
					"$(PROJECT_DIR)",
				);
				GCC_PRECOMPILE_PREFIX_HEADER = YES;
				GCC_PREFIX_HEADER = "BoldChatVisitorSDKDemo/BoldChatVisitorSDKDemo-Prefix.pch";
				INFOPLIST_FILE = "BoldChatVisitorSDKDemo/BoldChatVisitorSDKDemo-Info.plist";
				IPHONEOS_DEPLOYMENT_TARGET = 9.0;
				LIBRARY_SEARCH_PATHS = (
					"$(inherited)",
					"$(USER_LIBRARY_DIR)/Developer/Xcode/DerivedData/VisitorSDK-gjtwfxlzwsutqfcyebrduueehlrv/Build/Products/Debug-iphoneos",
				);
				MARKETING_VERSION = 4.0;
				PRODUCT_BUNDLE_IDENTIFIER = com.logmein.bold360ai.sdk;
				PRODUCT_NAME = BoldChatVisitorSDKDemo;
				PROVISIONING_PROFILE_SPECIFIER = "";
				TARGETED_DEVICE_FAMILY = "1,2";
				USER_HEADER_SEARCH_PATHS = "";
				WRAPPER_EXTENSION = app;
			};
			name = Release;
		};
/* End XCBuildConfiguration section */

/* Begin XCConfigurationList section */
		F65B947C19091A5F00F7B658 /* Build configuration list for PBXProject "BoldChatVisitorSDKDemo" */ = {
			isa = XCConfigurationList;
			buildConfigurations = (
				F65B94AB19091A5F00F7B658 /* Debug */,
				F65B94AC19091A5F00F7B658 /* Release */,
			);
			defaultConfigurationIsVisible = 0;
			defaultConfigurationName = Release;
		};
		F65B94AD19091A5F00F7B658 /* Build configuration list for PBXNativeTarget "BoldChatVisitorSDKDemo" */ = {
			isa = XCConfigurationList;
			buildConfigurations = (
				F65B94AE19091A5F00F7B658 /* Debug */,
				F65B94AF19091A5F00F7B658 /* Release */,
			);
			defaultConfigurationIsVisible = 0;
			defaultConfigurationName = Release;
		};
/* End XCConfigurationList section */
	};
	rootObject = F65B947919091A5F00F7B658 /* Project object */;
}
