// !$*UTF8*$!
{
	archiveVersion = 1;
	classes = {
	};
	objectVersion = 55;
	objects = {

/* Begin PBXBuildFile section */
		AFFF37A1272A01ED006E64AB /* AppDelegate.swift in Sources */ = {isa = PBXBuildFile; fileRef = AFFF37A0272A01ED006E64AB /* AppDelegate.swift */; };
		AFFF37A3272A01ED006E64AB /* SceneDelegate.swift in Sources */ = {isa = PBXBuildFile; fileRef = AFFF37A2272A01ED006E64AB /* SceneDelegate.swift */; };
		AFFF37A5272A01ED006E64AB /* ViewController.swift in Sources */ = {isa = PBXBuildFile; fileRef = AFFF37A4272A01ED006E64AB /* ViewController.swift */; };
		AFFF37A8272A01ED006E64AB /* Main.storyboard in Resources */ = {isa = PBXBuildFile; fileRef = AFFF37A6272A01ED006E64AB /* Main.storyboard */; };
		AFFF37AA272A01EF006E64AB /* Assets.xcassets in Resources */ = {isa = PBXBuildFile; fileRef = AFFF37A9272A01EF006E64AB /* Assets.xcassets */; };
		AFFF37AD272A01EF006E64AB /* LaunchScreen.storyboard in Resources */ = {isa = PBXBuildFile; fileRef = AFFF37AB272A01EF006E64AB /* LaunchScreen.storyboard */; };
		F3962070E1E314D67D3E2924 /* Pods_DXSample.framework in Frameworks */ = {isa = PBXBuildFile; fileRef = 00AD55778859F8E003C2C220 /* Pods_DXSample.framework */; };
/* End PBXBuildFile section */

/* Begin PBXFileReference section */
		00AD55778859F8E003C2C220 /* Pods_DXSample.framework */ = {isa = PBXFileReference; explicitFileType = wrapper.framework; includeInIndex = 0; path = Pods_DXSample.framework; sourceTree = BUILT_PRODUCTS_DIR; };
		2E0EDB766B874C9D2526A27F /* Pods-DXSample.debug.xcconfig */ = {isa = PBXFileReference; includeInIndex = 1; lastKnownFileType = text.xcconfig; name = "Pods-DXSample.debug.xcconfig"; path = "Target Support Files/Pods-DXSample/Pods-DXSample.debug.xcconfig"; sourceTree = "<group>"; };
		65947FBD0DA4C54439A9A5F4 /* Pods-DXSample.release.xcconfig */ = {isa = PBXFileReference; includeInIndex = 1; lastKnownFileType = text.xcconfig; name = "Pods-DXSample.release.xcconfig"; path = "Target Support Files/Pods-DXSample/Pods-DXSample.release.xcconfig"; sourceTree = "<group>"; };
		AFFF379D272A01ED006E64AB /* DXSample.app */ = {isa = PBXFileReference; explicitFileType = wrapper.application; includeInIndex = 0; path = DXSample.app; sourceTree = BUILT_PRODUCTS_DIR; };
		AFFF37A0272A01ED006E64AB /* AppDelegate.swift */ = {isa = PBXFileReference; lastKnownFileType = sourcecode.swift; path = AppDelegate.swift; sourceTree = "<group>"; };
		AFFF37A2272A01ED006E64AB /* SceneDelegate.swift */ = {isa = PBXFileReference; lastKnownFileType = sourcecode.swift; path = SceneDelegate.swift; sourceTree = "<group>"; };
		AFFF37A4272A01ED006E64AB /* ViewController.swift */ = {isa = PBXFileReference; lastKnownFileType = sourcecode.swift; path = ViewController.swift; sourceTree = "<group>"; };
		AFFF37A7272A01ED006E64AB /* Base */ = {isa = PBXFileReference; lastKnownFileType = file.storyboard; name = Base; path = Base.lproj/Main.storyboard; sourceTree = "<group>"; };
		AFFF37A9272A01EF006E64AB /* Assets.xcassets */ = {isa = PBXFileReference; lastKnownFileType = folder.assetcatalog; path = Assets.xcassets; sourceTree = "<group>"; };
		AFFF37AC272A01EF006E64AB /* Base */ = {isa = PBXFileReference; lastKnownFileType = file.storyboard; name = Base; path = Base.lproj/LaunchScreen.storyboard; sourceTree = "<group>"; };
		AFFF37AE272A01EF006E64AB /* Info.plist */ = {isa = PBXFileReference; lastKnownFileType = text.plist.xml; path = Info.plist; sourceTree = "<group>"; };
/* End PBXFileReference section */

/* Begin PBXFrameworksBuildPhase section */
		AFFF379A272A01ED006E64AB /* Frameworks */ = {
			isa = PBXFrameworksBuildPhase;
			buildActionMask = 2147483647;
			files = (
				F3962070E1E314D67D3E2924 /* Pods_DXSample.framework in Frameworks */,
			);
			runOnlyForDeploymentPostprocessing = 0;
		};
/* End PBXFrameworksBuildPhase section */

/* Begin PBXGroup section */
		927A53F9DC3AB45EDDFD07A4 /* Pods */ = {
			isa = PBXGroup;
			children = (
				2E0EDB766B874C9D2526A27F /* Pods-DXSample.debug.xcconfig */,
				65947FBD0DA4C54439A9A5F4 /* Pods-DXSample.release.xcconfig */,
			);
			name = Pods;
			path = Pods;
			sourceTree = "<group>";
		};
		AFFF3794272A01ED006E64AB = {
			isa = PBXGroup;
			children = (
				AFFF379F272A01ED006E64AB /* DXSample */,
				AFFF379E272A01ED006E64AB /* Products */,
				927A53F9DC3AB45EDDFD07A4 /* Pods */,
				F12A45BED878AEDA74B0692F /* Frameworks */,
			);
			sourceTree = "<group>";
		};
		AFFF379E272A01ED006E64AB /* Products */ = {
			isa = PBXGroup;
			children = (
				AFFF379D272A01ED006E64AB /* DXSample.app */,
			);
			name = Products;
			sourceTree = "<group>";
		};
		AFFF379F272A01ED006E64AB /* DXSample */ = {
			isa = PBXGroup;
			children = (
				AFFF37A0272A01ED006E64AB /* AppDelegate.swift */,
				AFFF37A2272A01ED006E64AB /* SceneDelegate.swift */,
				AFFF37A4272A01ED006E64AB /* ViewController.swift */,
				AFFF37A6272A01ED006E64AB /* Main.storyboard */,
				AFFF37A9272A01EF006E64AB /* Assets.xcassets */,
				AFFF37AB272A01EF006E64AB /* LaunchScreen.storyboard */,
				AFFF37AE272A01EF006E64AB /* Info.plist */,
			);
			path = DXSample;
			sourceTree = "<group>";
		};
		F12A45BED878AEDA74B0692F /* Frameworks */ = {
			isa = PBXGroup;
			children = (
				00AD55778859F8E003C2C220 /* Pods_DXSample.framework */,
			);
			name = Frameworks;
			sourceTree = "<group>";
		};
/* End PBXGroup section */

/* Begin PBXNativeTarget section */
		AFFF379C272A01ED006E64AB /* DXSample */ = {
			isa = PBXNativeTarget;
			buildConfigurationList = AFFF37B1272A01EF006E64AB /* Build configuration list for PBXNativeTarget "DXSample" */;
			buildPhases = (
				9D69E4EEA9323B5E2F3A7E2D /* [CP] Check Pods Manifest.lock */,
				AFFF3799272A01ED006E64AB /* Sources */,
				AFFF379A272A01ED006E64AB /* Frameworks */,
				AFFF379B272A01ED006E64AB /* Resources */,
				85DA1C60F5A5417ABB53C4E8 /* [CP] Embed Pods Frameworks */,
			);
			buildRules = (
			);
			dependencies = (
			);
			name = DXSample;
			productName = DXSample;
			productReference = AFFF379D272A01ED006E64AB /* DXSample.app */;
			productType = "com.apple.product-type.application";
		};
/* End PBXNativeTarget section */

/* Begin PBXProject section */
		AFFF3795272A01ED006E64AB /* Project object */ = {
			isa = PBXProject;
			attributes = {
				BuildIndependentTargetsInParallel = 1;
				LastSwiftUpdateCheck = 1300;
				LastUpgradeCheck = 1300;
				TargetAttributes = {
					AFFF379C272A01ED006E64AB = {
						CreatedOnToolsVersion = 13.0;
					};
				};
			};
			buildConfigurationList = AFFF3798272A01ED006E64AB /* Build configuration list for PBXProject "DXSample" */;
			compatibilityVersion = "Xcode 13.0";
			developmentRegion = en;
			hasScannedForEncodings = 0;
			knownRegions = (
				en,
				Base,
			);
			mainGroup = AFFF3794272A01ED006E64AB;
			productRefGroup = AFFF379E272A01ED006E64AB /* Products */;
			projectDirPath = "";
			projectRoot = "";
			targets = (
				AFFF379C272A01ED006E64AB /* DXSample */,
			);
		};
/* End PBXProject section */

/* Begin PBXResourcesBuildPhase section */
		AFFF379B272A01ED006E64AB /* Resources */ = {
			isa = PBXResourcesBuildPhase;
			buildActionMask = 2147483647;
			files = (
				AFFF37AD272A01EF006E64AB /* LaunchScreen.storyboard in Resources */,
				AFFF37AA272A01EF006E64AB /* Assets.xcassets in Resources */,
				AFFF37A8272A01ED006E64AB /* Main.storyboard in Resources */,
			);
			runOnlyForDeploymentPostprocessing = 0;
		};
/* End PBXResourcesBuildPhase section */

/* Begin PBXShellScriptBuildPhase section */
		85DA1C60F5A5417ABB53C4E8 /* [CP] Embed Pods Frameworks */ = {
			isa = PBXShellScriptBuildPhase;
			buildActionMask = 2147483647;
			files = (
			);
			inputFileListPaths = (
				"${PODS_ROOT}/Target Support Files/Pods-DXSample/Pods-DXSample-frameworks-${CONFIGURATION}-input-files.xcfilelist",
			);
			name = "[CP] Embed Pods Frameworks";
			outputFileListPaths = (
				"${PODS_ROOT}/Target Support Files/Pods-DXSample/Pods-DXSample-frameworks-${CONFIGURATION}-output-files.xcfilelist",
			);
			runOnlyForDeploymentPostprocessing = 0;
			shellPath = /bin/sh;
			shellScript = "\"${PODS_ROOT}/Target Support Files/Pods-DXSample/Pods-DXSample-frameworks.sh\"\n";
			showEnvVarsInLog = 0;
		};
		9D69E4EEA9323B5E2F3A7E2D /* [CP] Check Pods Manifest.lock */ = {
			isa = PBXShellScriptBuildPhase;
			buildActionMask = 2147483647;
			files = (
			);
			inputFileListPaths = (
			);
			inputPaths = (
				"${PODS_PODFILE_DIR_PATH}/Podfile.lock",
				"${PODS_ROOT}/Manifest.lock",
			);
			name = "[CP] Check Pods Manifest.lock";
			outputFileListPaths = (
			);
			outputPaths = (
				"$(DERIVED_FILE_DIR)/Pods-DXSample-checkManifestLockResult.txt",
			);
			runOnlyForDeploymentPostprocessing = 0;
			shellPath = /bin/sh;
			shellScript = "diff \"${PODS_PODFILE_DIR_PATH}/Podfile.lock\" \"${PODS_ROOT}/Manifest.lock\" > /dev/null\nif [ $? != 0 ] ; then\n    # print error to STDERR\n    echo \"error: The sandbox is not in sync with the Podfile.lock. Run 'pod install' or update your CocoaPods installation.\" >&2\n    exit 1\nfi\n# This output is used by Xcode 'outputs' to avoid re-running this script phase.\necho \"SUCCESS\" > \"${SCRIPT_OUTPUT_FILE_0}\"\n";
			showEnvVarsInLog = 0;
		};
/* End PBXShellScriptBuildPhase section */

/* Begin PBXSourcesBuildPhase section */
		AFFF3799272A01ED006E64AB /* Sources */ = {
			isa = PBXSourcesBuildPhase;
			buildActionMask = 2147483647;
			files = (
				AFFF37A5272A01ED006E64AB /* ViewController.swift in Sources */,
				AFFF37A1272A01ED006E64AB /* AppDelegate.swift in Sources */,
				AFFF37A3272A01ED006E64AB /* SceneDelegate.swift in Sources */,
			);
			runOnlyForDeploymentPostprocessing = 0;
		};
/* End PBXSourcesBuildPhase section */

/* Begin PBXVariantGroup section */
		AFFF37A6272A01ED006E64AB /* Main.storyboard */ = {
			isa = PBXVariantGroup;
			children = (
				AFFF37A7272A01ED006E64AB /* Base */,
			);
			name = Main.storyboard;
			sourceTree = "<group>";
		};
		AFFF37AB272A01EF006E64AB /* LaunchScreen.storyboard */ = {
			isa = PBXVariantGroup;
			children = (
				AFFF37AC272A01EF006E64AB /* Base */,
			);
			name = LaunchScreen.storyboard;
			sourceTree = "<group>";
		};
/* End PBXVariantGroup section */

/* Begin XCBuildConfiguration section */
		AFFF37AF272A01EF006E64AB /* Debug */ = {
			isa = XCBuildConfiguration;
			buildSettings = {
				ALWAYS_SEARCH_USER_PATHS = NO;
				CLANG_ANALYZER_NONNULL = YES;
				CLANG_ANALYZER_NUMBER_OBJECT_CONVERSION = YES_AGGRESSIVE;
				CLANG_CXX_LANGUAGE_STANDARD = "gnu++17";
				CLANG_CXX_LIBRARY = "libc++";
				CLANG_ENABLE_MODULES = YES;
				CLANG_ENABLE_OBJC_ARC = YES;
				CLANG_ENABLE_OBJC_WEAK = YES;
				CLANG_WARN_BLOCK_CAPTURE_AUTORELEASING = YES;
				CLANG_WARN_BOOL_CONVERSION = YES;
				CLANG_WARN_COMMA = YES;
				CLANG_WARN_CONSTANT_CONVERSION = YES;
				CLANG_WARN_DEPRECATED_OBJC_IMPLEMENTATIONS = YES;
				CLANG_WARN_DIRECT_OBJC_ISA_USAGE = YES_ERROR;
				CLANG_WARN_DOCUMENTATION_COMMENTS = YES;
				CLANG_WARN_EMPTY_BODY = YES;
				CLANG_WARN_ENUM_CONVERSION = YES;
				CLANG_WARN_INFINITE_RECURSION = YES;
				CLANG_WARN_INT_CONVERSION = YES;
				CLANG_WARN_NON_LITERAL_NULL_CONVERSION = YES;
				CLANG_WARN_OBJC_IMPLICIT_RETAIN_SELF = YES;
				CLANG_WARN_OBJC_LITERAL_CONVERSION = YES;
				CLANG_WARN_OBJC_ROOT_CLASS = YES_ERROR;
				CLANG_WARN_QUOTED_INCLUDE_IN_FRAMEWORK_HEADER = YES;
				CLANG_WARN_RANGE_LOOP_ANALYSIS = YES;
				CLANG_WARN_STRICT_PROTOTYPES = YES;
				CLANG_WARN_SUSPICIOUS_MOVE = YES;
				CLANG_WARN_UNGUARDED_AVAILABILITY = YES_AGGRESSIVE;
				CLANG_WARN_UNREACHABLE_CODE = YES;
				CLANG_WARN__DUPLICATE_METHOD_MATCH = YES;
				COPY_PHASE_STRIP = NO;
				DEBUG_INFORMATION_FORMAT = dwarf;
				ENABLE_STRICT_OBJC_MSGSEND = YES;
				ENABLE_TESTABILITY = YES;
				GCC_C_LANGUAGE_STANDARD = gnu11;
				GCC_DYNAMIC_NO_PIC = NO;
				GCC_NO_COMMON_BLOCKS = YES;
				GCC_OPTIMIZATION_LEVEL = 0;
				GCC_PREPROCESSOR_DEFINITIONS = (
					"DEBUG=1",
					"$(inherited)",
				);
				GCC_WARN_64_TO_32_BIT_CONVERSION = YES;
				GCC_WARN_ABOUT_RETURN_TYPE = YES_ERROR;
				GCC_WARN_UNDECLARED_SELECTOR = YES;
				GCC_WARN_UNINITIALIZED_AUTOS = YES_AGGRESSIVE;
				GCC_WARN_UNUSED_FUNCTION = YES;
				GCC_WARN_UNUSED_VARIABLE = YES;
				IPHONEOS_DEPLOYMENT_TARGET = 15.0;
				MTL_ENABLE_DEBUG_INFO = INCLUDE_SOURCE;
				MTL_FAST_MATH = YES;
				ONLY_ACTIVE_ARCH = YES;
				SDKROOT = iphoneos;
				SWIFT_ACTIVE_COMPILATION_CONDITIONS = DEBUG;
				SWIFT_OPTIMIZATION_LEVEL = "-Onone";
			};
			name = Debug;
		};
		AFFF37B0272A01EF006E64AB /* Release */ = {
			isa = XCBuildConfiguration;
			buildSettings = {
				ALWAYS_SEARCH_USER_PATHS = NO;
				CLANG_ANALYZER_NONNULL = YES;
				CLANG_ANALYZER_NUMBER_OBJECT_CONVERSION = YES_AGGRESSIVE;
				CLANG_CXX_LANGUAGE_STANDARD = "gnu++17";
				CLANG_CXX_LIBRARY = "libc++";
				CLANG_ENABLE_MODULES = YES;
				CLANG_ENABLE_OBJC_ARC = YES;
				CLANG_ENABLE_OBJC_WEAK = YES;
				CLANG_WARN_BLOCK_CAPTURE_AUTORELEASING = YES;
				CLANG_WARN_BOOL_CONVERSION = YES;
				CLANG_WARN_COMMA = YES;
				CLANG_WARN_CONSTANT_CONVERSION = YES;
				CLANG_WARN_DEPRECATED_OBJC_IMPLEMENTATIONS = YES;
				CLANG_WARN_DIRECT_OBJC_ISA_USAGE = YES_ERROR;
				CLANG_WARN_DOCUMENTATION_COMMENTS = YES;
				CLANG_WARN_EMPTY_BODY = YES;
				CLANG_WARN_ENUM_CONVERSION = YES;
				CLANG_WARN_INFINITE_RECURSION = YES;
				CLANG_WARN_INT_CONVERSION = YES;
				CLANG_WARN_NON_LITERAL_NULL_CONVERSION = YES;
				CLANG_WARN_OBJC_IMPLICIT_RETAIN_SELF = YES;
				CLANG_WARN_OBJC_LITERAL_CONVERSION = YES;
				CLANG_WARN_OBJC_ROOT_CLASS = YES_ERROR;
				CLANG_WARN_QUOTED_INCLUDE_IN_FRAMEWORK_HEADER = YES;
				CLANG_WARN_RANGE_LOOP_ANALYSIS = YES;
				CLANG_WARN_STRICT_PROTOTYPES = YES;
				CLANG_WARN_SUSPICIOUS_MOVE = YES;
				CLANG_WARN_UNGUARDED_AVAILABILITY = YES_AGGRESSIVE;
				CLANG_WARN_UNREACHABLE_CODE = YES;
				CLANG_WARN__DUPLICATE_METHOD_MATCH = YES;
				COPY_PHASE_STRIP = NO;
				DEBUG_INFORMATION_FORMAT = "dwarf-with-dsym";
				ENABLE_NS_ASSERTIONS = NO;
				ENABLE_STRICT_OBJC_MSGSEND = YES;
				GCC_C_LANGUAGE_STANDARD = gnu11;
				GCC_NO_COMMON_BLOCKS = YES;
				GCC_WARN_64_TO_32_BIT_CONVERSION = YES;
				GCC_WARN_ABOUT_RETURN_TYPE = YES_ERROR;
				GCC_WARN_UNDECLARED_SELECTOR = YES;
				GCC_WARN_UNINITIALIZED_AUTOS = YES_AGGRESSIVE;
				GCC_WARN_UNUSED_FUNCTION = YES;
				GCC_WARN_UNUSED_VARIABLE = YES;
				IPHONEOS_DEPLOYMENT_TARGET = 15.0;
				MTL_ENABLE_DEBUG_INFO = NO;
				MTL_FAST_MATH = YES;
				SDKROOT = iphoneos;
				SWIFT_COMPILATION_MODE = wholemodule;
				SWIFT_OPTIMIZATION_LEVEL = "-O";
				VALIDATE_PRODUCT = YES;
			};
			name = Release;
		};
		AFFF37B2272A01EF006E64AB /* Debug */ = {
			isa = XCBuildConfiguration;
			baseConfigurationReference = 2E0EDB766B874C9D2526A27F /* Pods-DXSample.debug.xcconfig */;
			buildSettings = {
				ASSETCATALOG_COMPILER_APPICON_NAME = AppIcon;
				ASSETCATALOG_COMPILER_GLOBAL_ACCENT_COLOR_NAME = AccentColor;
				CODE_SIGN_STYLE = Automatic;
				CURRENT_PROJECT_VERSION = 1;
				GENERATE_INFOPLIST_FILE = YES;
				INFOPLIST_FILE = DXSample/Info.plist;
				INFOPLIST_KEY_UIApplicationSupportsIndirectInputEvents = YES;
				INFOPLIST_KEY_UILaunchStoryboardName = LaunchScreen;
				INFOPLIST_KEY_UIMainStoryboardFile = Main;
				INFOPLIST_KEY_UISupportedInterfaceOrientations_iPad = "UIInterfaceOrientationPortrait UIInterfaceOrientationPortraitUpsideDown UIInterfaceOrientationLandscapeLeft UIInterfaceOrientationLandscapeRight";
				INFOPLIST_KEY_UISupportedInterfaceOrientations_iPhone = "UIInterfaceOrientationPortrait UIInterfaceOrientationLandscapeLeft UIInterfaceOrientationLandscapeRight";
				LD_RUNPATH_SEARCH_PATHS = (
					"$(inherited)",
					"@executable_path/Frameworks",
				);
				MARKETING_VERSION = 1.0;
				PRODUCT_BUNDLE_IDENTIFIER = com.genesys.mobile.sdk.DXSample;
				PRODUCT_NAME = "$(TARGET_NAME)";
				SWIFT_EMIT_LOC_STRINGS = YES;
				SWIFT_VERSION = 5.0;
				TARGETED_DEVICE_FAMILY = "1,2";
			};
			name = Debug;
		};
		AFFF37B3272A01EF006E64AB /* Release */ = {
			isa = XCBuildConfiguration;
			baseConfigurationReference = 65947FBD0DA4C54439A9A5F4 /* Pods-DXSample.release.xcconfig */;
			buildSettings = {
				ASSETCATALOG_COMPILER_APPICON_NAME = AppIcon;
				ASSETCATALOG_COMPILER_GLOBAL_ACCENT_COLOR_NAME = AccentColor;
				CODE_SIGN_STYLE = Automatic;
				CURRENT_PROJECT_VERSION = 1;
				GENERATE_INFOPLIST_FILE = YES;
				INFOPLIST_FILE = DXSample/Info.plist;
				INFOPLIST_KEY_UIApplicationSupportsIndirectInputEvents = YES;
				INFOPLIST_KEY_UILaunchStoryboardName = LaunchScreen;
				INFOPLIST_KEY_UIMainStoryboardFile = Main;
				INFOPLIST_KEY_UISupportedInterfaceOrientations_iPad = "UIInterfaceOrientationPortrait UIInterfaceOrientationPortraitUpsideDown UIInterfaceOrientationLandscapeLeft UIInterfaceOrientationLandscapeRight";
				INFOPLIST_KEY_UISupportedInterfaceOrientations_iPhone = "UIInterfaceOrientationPortrait UIInterfaceOrientationLandscapeLeft UIInterfaceOrientationLandscapeRight";
				LD_RUNPATH_SEARCH_PATHS = (
					"$(inherited)",
					"@executable_path/Frameworks",
				);
				MARKETING_VERSION = 1.0;
				PRODUCT_BUNDLE_IDENTIFIER = com.genesys.mobile.sdk.DXSample;
				PRODUCT_NAME = "$(TARGET_NAME)";
				SWIFT_EMIT_LOC_STRINGS = YES;
				SWIFT_VERSION = 5.0;
				TARGETED_DEVICE_FAMILY = "1,2";
			};
			name = Release;
		};
/* End XCBuildConfiguration section */

/* Begin XCConfigurationList section */
		AFFF3798272A01ED006E64AB /* Build configuration list for PBXProject "DXSample" */ = {
			isa = XCConfigurationList;
			buildConfigurations = (
				AFFF37AF272A01EF006E64AB /* Debug */,
				AFFF37B0272A01EF006E64AB /* Release */,
			);
			defaultConfigurationIsVisible = 0;
			defaultConfigurationName = Release;
		};
		AFFF37B1272A01EF006E64AB /* Build configuration list for PBXNativeTarget "DXSample" */ = {
			isa = XCConfigurationList;
			buildConfigurations = (
				AFFF37B2272A01EF006E64AB /* Debug */,
				AFFF37B3272A01EF006E64AB /* Release */,
			);
			defaultConfigurationIsVisible = 0;
			defaultConfigurationName = Release;
		};
/* End XCConfigurationList section */
	};
	rootObject = AFFF3795272A01ED006E64AB /* Project object */;
}
