PODS:
  - FirebaseCore (11.6.0):
    - FirebaseCoreInternal (~> 11.6.0)
    - GoogleUtilities/Environment (~> 8.0)
    - GoogleUtilities/Logger (~> 8.0)
  - FirebaseCoreExtension (11.6.0):
    - FirebaseCore (~> 11.6.0)
  - FirebaseCoreInternal (11.6.0):
    - "GoogleUtilities/NSData+zlib (~> 8.0)"
  - FirebaseCrashlytics (11.6.0):
    - FirebaseCore (~> 11.6.0)
    - FirebaseInstallations (~> 11.0)
    - FirebaseRemoteConfigInterop (~> 11.0)
    - FirebaseSessions (~> 11.0)
    - GoogleDataTransport (~> 10.0)
    - GoogleUtilities/Environment (~> 8.0)
    - nanopb (~> 3.30910.0)
    - PromisesObjC (~> 2.4)
  - FirebaseInstallations (11.6.0):
    - FirebaseCore (~> 11.6.0)
    - GoogleUtilities/Environment (~> 8.0)
    - GoogleUtilities/UserDefaults (~> 8.0)
    - PromisesObjC (~> 2.4)
  - FirebaseMessaging (11.6.0):
    - FirebaseCore (~> 11.6.0)
    - FirebaseInstallations (~> 11.0)
    - GoogleDataTransport (~> 10.0)
    - GoogleUtilities/AppDelegateSwizzler (~> 8.0)
    - GoogleUtilities/Environment (~> 8.0)
    - GoogleUtilities/Reachability (~> 8.0)
    - GoogleUtilities/UserDefaults (~> 8.0)
    - nanopb (~> 3.30910.0)
  - FirebaseRemoteConfigInterop (11.6.0)
  - FirebaseSessions (11.6.0):
    - FirebaseCore (~> 11.6.0)
    - FirebaseCoreExtension (~> 11.6.0)
    - FirebaseInstallations (~> 11.0)
    - GoogleDataTransport (~> 10.0)
    - GoogleUtilities/Environment (~> 8.0)
    - GoogleUtilities/UserDefaults (~> 8.0)
    - nanopb (~> 3.30910.0)
    - PromisesSwift (~> 2.1)
  - GenesysCloud (1.x.y-dev):
    - GenesysCloud/Global (= 1.x.y-dev)
  - GenesysCloud/Common (1.x.y-dev)
  - GenesysCloud/Global (1.x.y-dev):
    - GenesysCloud/Common
    - GenesysCloud/Messenger
    - GenesysCloud/UIKit
  - GenesysCloud/Messenger (1.x.y-dev):
    - GenesysCloudMessenger
  - GenesysCloud/ObjcUnitTests (1.x.y-dev)
  - GenesysCloud/UIKit (1.x.y-dev):
    - GenesysCloud/Common
  - GenesysCloud/UnitTests (1.x.y-dev)
  - GenesysCloudCore (1.x.y-dev)
  - GenesysCloudCore/UnitTests (1.x.y-dev)
  - GenesysCloudMessenger (1.x.y-dev):
    - GenesysCloudCore
    - GenesysCloudMessengerTransport
  - GenesysCloudMessenger/UnitTests (1.x.y-dev):
    - GenesysCloudCore
    - GenesysCloudMessengerTransport
  - GenesysCloudMessengerTransport (2.9.0.3)
  - GoogleDataTransport (10.1.0):
    - nanopb (~> 3.30910.0)
    - PromisesObjC (~> 2.4)
  - GoogleUtilities/AppDelegateSwizzler (8.0.2):
    - GoogleUtilities/Environment
    - GoogleUtilities/Logger
    - GoogleUtilities/Network
    - GoogleUtilities/Privacy
  - GoogleUtilities/Environment (8.0.2):
    - GoogleUtilities/Privacy
  - GoogleUtilities/Logger (8.0.2):
    - GoogleUtilities/Environment
    - GoogleUtilities/Privacy
  - GoogleUtilities/Network (8.0.2):
    - GoogleUtilities/Logger
    - "GoogleUtilities/NSData+zlib"
    - GoogleUtilities/Privacy
    - GoogleUtilities/Reachability
  - "GoogleUtilities/NSData+zlib (8.0.2)":
    - GoogleUtilities/Privacy
  - GoogleUtilities/Privacy (8.0.2)
  - GoogleUtilities/Reachability (8.0.2):
    - GoogleUtilities/Logger
    - GoogleUtilities/Privacy
  - GoogleUtilities/UserDefaults (8.0.2):
    - GoogleUtilities/Logger
    - GoogleUtilities/Privacy
  - nanopb (3.30910.0):
    - nanopb/decode (= 3.30910.0)
    - nanopb/encode (= 3.30910.0)
  - nanopb/decode (3.30910.0)
  - nanopb/encode (3.30910.0)
  - PromisesObjC (2.4.0)
  - PromisesSwift (2.4.0):
    - PromisesObjC (= 2.4.0)

DEPENDENCIES:
  - FirebaseCrashlytics
  - FirebaseMessaging
  - GenesysCloud (from `../../../BitBucket/mobiledx-ios-sdk-ui/GenesysCloud-Dev.podspec`)
  - GenesysCloud/ObjcUnitTests (from `../../../BitBucket/mobiledx-ios-sdk-ui/GenesysCloud-Dev.podspec`)
  - GenesysCloud/UnitTests (from `../../../BitBucket/mobiledx-ios-sdk-ui/GenesysCloud-Dev.podspec`)
  - GenesysCloudCore (from `../../../BitBucket/mobiledx-ios-sdk-core/GenesysCloudCore-Dev.podspec`)
  - GenesysCloudCore/UnitTests (from `../../../BitBucket/mobiledx-ios-sdk-core/GenesysCloudCore-Dev.podspec`)
  - GenesysCloudMessenger (from `../../../BitBucket/mobiledx-ios-sdk-messenger/GenesysCloudMessenger-Dev.podspec`)
  - GenesysCloudMessenger/UnitTests (from `../../../BitBucket/mobiledx-ios-sdk-messenger/GenesysCloudMessenger-Dev.podspec`)
  - GenesysCloudMessengerTransport (= 2.9.0.3)

SPEC REPOS:
  https://github.com/CocoaPods/Specs:
    - FirebaseCore
    - FirebaseCoreExtension
    - FirebaseCoreInternal
    - FirebaseCrashlytics
    - FirebaseInstallations
    - FirebaseMessaging
    - FirebaseRemoteConfigInterop
    - FirebaseSessions
    - GenesysCloudMessengerTransport
    - GoogleDataTransport
    - GoogleUtilities
    - nanopb
    - PromisesObjC
    - PromisesSwift

EXTERNAL SOURCES:
  GenesysCloud:
    :path: "../../../BitBucket/mobiledx-ios-sdk-ui/GenesysCloud-Dev.podspec"
  GenesysCloudCore:
    :path: "../../../BitBucket/mobiledx-ios-sdk-core/GenesysCloudCore-Dev.podspec"
  GenesysCloudMessenger:
    :path: "../../../BitBucket/mobiledx-ios-sdk-messenger/GenesysCloudMessenger-Dev.podspec"

SPEC CHECKSUMS:
  FirebaseCore: 48b0dd707581cf9c1a1220da68223fb0a562afaa
  FirebaseCoreExtension: 2d77d6430c16cf43ca2b04608302ed02b3598361
  FirebaseCoreInternal: d98ab91e2d80a56d7b246856a8885443b302c0c2
  FirebaseCrashlytics: b21c665fb50138766480bce73ebdb1aa30f7f300
  FirebaseInstallations: efc0946fc756e4d22d8113f7c761948120322e8c
  FirebaseMessaging: e1aca1fcc23e8b9eddb0e33f375ff90944623021
  FirebaseRemoteConfigInterop: e75e348953352a000331eb77caf01e424248e176
  FirebaseSessions: 9529d14180868e29a8da164b3a729c036204918b
  GenesysCloud: 42a49e432a674769aaa507a0693e5639a887bccb
  GenesysCloudCore: b9f374a7a951ecc163850d3aff930f5c8babeec8
  GenesysCloudMessenger: 248b2251c92c6c3962ec62a6260400c91fa65cb3
  GenesysCloudMessengerTransport: 16eda8b93ddb62ed5970adbefdff4f421116bcd2
  GoogleDataTransport: aae35b7ea0c09004c3797d53c8c41f66f219d6a7
  GoogleUtilities: 26a3abef001b6533cf678d3eb38fd3f614b7872d
  nanopb: fad817b59e0457d11a5dfbde799381cd727c1275
  PromisesObjC: f5707f49cb48b9636751c5b2e7d227e43fba9f47
  PromisesSwift: 9d77319bbe72ebf6d872900551f7eeba9bce2851

PODFILE CHECKSUM: 9cc5cb5c57e8f9cad60d6b912fecb868e290e799

COCOAPODS: 1.14.3
