PODS:
  - FirebaseCore (10.19.0):
    - FirebaseCoreInternal (~> 10.0)
    - GoogleUtilities/Environment (~> 7.12)
    - GoogleUtilities/Logger (~> 7.12)
  - FirebaseCoreExtension (10.19.0):
    - FirebaseCore (~> 10.0)
  - FirebaseCoreInternal (10.19.0):
    - "GoogleUtilities/NSData+zlib (~> 7.8)"
  - FirebaseCrashlytics (10.19.0):
    - FirebaseCore (~> 10.5)
    - FirebaseInstallations (~> 10.0)
    - FirebaseSessions (~> 10.5)
    - GoogleDataTransport (~> 9.2)
    - GoogleUtilities/Environment (~> 7.8)
    - nanopb (< 2.30910.0, >= 2.30908.0)
    - PromisesObjC (~> 2.1)
  - FirebaseInstallations (10.19.0):
    - FirebaseCore (~> 10.0)
    - GoogleUtilities/Environment (~> 7.8)
    - GoogleUtilities/UserDefaults (~> 7.8)
    - PromisesObjC (~> 2.1)
  - FirebaseSessions (10.19.0):
    - FirebaseCore (~> 10.5)
    - FirebaseCoreExtension (~> 10.0)
    - FirebaseInstallations (~> 10.0)
    - GoogleDataTransport (~> 9.2)
    - GoogleUtilities/Environment (~> 7.10)
    - nanopb (< 2.30910.0, >= 2.30908.0)
    - PromisesSwift (~> 2.1)
  - GenesysCloud (1.10.0):
    - GenesysCloud/Core (= 1.10.0)
  - GenesysCloud/Core (1.10.0):
    - GenesysCloudCore (= 1.10.0)
    - GenesysCloudMessenger (= 1.10.0)
  - GenesysCloudCore (1.10.0)
  - GenesysCloudMessenger (1.10.0):
    - GenesysCloudCore (= 1.10.0)
    - GenesysCloudMessengerTransport (= 2.7.2)
  - GenesysCloudMessengerTransport (2.7.2)
  - GoogleDataTransport (9.3.0):
    - GoogleUtilities/Environment (~> 7.7)
    - nanopb (< 2.30910.0, >= 2.30908.0)
    - PromisesObjC (< 3.0, >= 1.2)
  - GoogleUtilities/Environment (7.12.0):
    - PromisesObjC (< 3.0, >= 1.2)
  - GoogleUtilities/Logger (7.12.0):
    - GoogleUtilities/Environment
  - "GoogleUtilities/NSData+zlib (7.12.0)"
  - GoogleUtilities/UserDefaults (7.12.0):
    - GoogleUtilities/Logger
  - nanopb (2.30909.1):
    - nanopb/decode (= 2.30909.1)
    - nanopb/encode (= 2.30909.1)
  - nanopb/decode (2.30909.1)
  - nanopb/encode (2.30909.1)
  - PromisesObjC (2.3.1)
  - PromisesSwift (2.3.1):
    - PromisesObjC (= 2.3.1)

DEPENDENCIES:
  - FirebaseCrashlytics
  - GenesysCloud

SPEC REPOS:
  https://github.com/CocoaPods/Specs:
    - FirebaseCore
    - FirebaseCoreExtension
    - FirebaseCoreInternal
    - FirebaseCrashlytics
    - FirebaseInstallations
    - FirebaseSessions
    - GenesysCloudMessengerTransport
    - GoogleDataTransport
    - GoogleUtilities
    - nanopb
    - PromisesObjC
    - PromisesSwift
  https://github.com/MyPureCloud/gc-sdk-specs-dev:
    - GenesysCloud
    - GenesysCloudCore
    - GenesysCloudMessenger

SPEC CHECKSUMS:
  FirebaseCore: dc5c7badf99d47613c52b2e3a57a64cd187f8554
  FirebaseCoreExtension: c08d14c7b22e07994e876d837e6f58642f340087
  FirebaseCoreInternal: b444828ea7cfd594fca83046b95db98a2be4f290
  FirebaseCrashlytics: a4d2ad12f5c07ec8ee0ebc89133a45498a293ba6
  FirebaseInstallations: 033d199474164db20c8350736842a94fe717b960
  FirebaseSessions: e5f4caa188dc8bc6142abc974355be75b042215e
  GenesysCloud: e3d48ef6db1b58086c79ff011071437981d7888a
  GenesysCloudCore: 9a0fcd36a6be0e20e201791b7a051631cd13cf28
  GenesysCloudMessenger: 7b7969f21828e32548e81e9758dd815eca549643
  GenesysCloudMessengerTransport: e176f1116b79de88f6b05dc3515f25b1143ca0fd
  GoogleDataTransport: 57c22343ab29bc686febbf7cbb13bad167c2d8fe
  GoogleUtilities: 0759d1a57ebb953965c2dfe0ba4c82e95ccc2e34
  nanopb: d4d75c12cd1316f4a64e3c6963f879ecd4b5e0d5
  PromisesObjC: c50d2056b5253dadbd6c2bea79b0674bd5a52fa4
  PromisesSwift: 28dca69a9c40779916ac2d6985a0192a5cb4a265

PODFILE CHECKSUM: 01fffde47de90cf4d6f904ce2b1ea790748ad420

COCOAPODS: 1.14.3
