PODS:
  - GenesysCloud (4.x.y-dev):
    - GenesysCloud/Global (= 4.x.y-dev)
  - GenesysCloud/Bot (4.x.y-dev):
    - GenesysCloud/Core
    - GenesysCloud/Search
    - GenesysCloudBot
  - GenesysCloud/Core (4.x.y-dev):
    - GenesysCloudAccessibility
  - GenesysCloud/Global (4.x.y-dev):
    - GenesysCloud/Bot
    - GenesysCloud/Core
    - GenesysCloud/Live
    - GenesysCloud/Meesenger
    - GenesysCloud/Search
  - GenesysCloud/Live (4.x.y-dev):
    - GenesysCloud/Core
    - GenesysCloudBold
  - GenesysCloud/Meesenger (4.x.y-dev):
    - GenesysCloudMessenger
  - GenesysCloud/Search (4.x.y-dev):
    - GenesysCloud/Core
  - GenesysCloud/UnitTests (4.x.y-dev)
  - GenesysCloudAccessibility (1.x.y-dev)
  - GenesysCloudBold (1.x.y-dev):
    - GenesysCloudCore
  - GenesysCloudBot (1.x.y-dev):
    - GenesysCloudCore
  - GenesysCloudCore (1.x.y-dev)
  - GenesysCloudCore/UnitTests (1.x.y-dev)
  - GenesysCloudMessenger (1.x.y-dev):
    - GenesysCloudCore
    - GenesysCloudMessengerTransport
  - GenesysCloudMessenger/UnitTests (1.x.y-dev):
    - GenesysCloudCore
    - GenesysCloudMessengerTransport
  - GenesysCloudMessengerTransport (2.3.1)

DEPENDENCIES:
  - GenesysCloud (from `../../../BitBucket/mobiledx-ios-sdk-ui/GenesysCloud-Dev.podspec`)
  - GenesysCloud/UnitTests (from `../../../BitBucket/mobiledx-ios-sdk-ui/GenesysCloud-Dev.podspec`)
  - GenesysCloudAccessibility (from `../../../BitBucket/mobiledx-ios-sdk-accessibility/GenesysCloudAccessibility-Dev.podspec`)
  - GenesysCloudBold (from `../../../BitBucket/mobiledx-ios-sdk-live-engine/GenesysCloudBold-Dev.podspec`)
  - GenesysCloudBot (from `../../../BitBucket/mobiledx-ios-sdk-bot-engine/GenesysCloudBot-Dev.podspec`)
  - GenesysCloudCore (from `../../../BitBucket/mobiledx-ios-sdk-core/GenesysCloudCore-Dev.podspec`)
  - GenesysCloudCore/UnitTests (from `../../../BitBucket/mobiledx-ios-sdk-core/GenesysCloudCore-Dev.podspec`)
  - GenesysCloudMessenger (from `../../../BitBucket/mobiledx-ios-sdk-messenger/GenesysCloudMessenger-Dev.podspec`)
  - GenesysCloudMessenger/UnitTests (from `../../../BitBucket/mobiledx-ios-sdk-messenger/GenesysCloudMessenger-Dev.podspec`)
  - GenesysCloudMessengerTransport (= 2.3.1)

SPEC REPOS:
  https://github.com/CocoaPods/Specs:
    - GenesysCloudMessengerTransport

EXTERNAL SOURCES:
  GenesysCloud:
    :path: "../../../BitBucket/mobiledx-ios-sdk-ui/GenesysCloud-Dev.podspec"
  GenesysCloudAccessibility:
    :path: "../../../BitBucket/mobiledx-ios-sdk-accessibility/GenesysCloudAccessibility-Dev.podspec"
  GenesysCloudBold:
    :path: "../../../BitBucket/mobiledx-ios-sdk-live-engine/GenesysCloudBold-Dev.podspec"
  GenesysCloudBot:
    :path: "../../../BitBucket/mobiledx-ios-sdk-bot-engine/GenesysCloudBot-Dev.podspec"
  GenesysCloudCore:
    :path: "../../../BitBucket/mobiledx-ios-sdk-core/GenesysCloudCore-Dev.podspec"
  GenesysCloudMessenger:
    :path: "../../../BitBucket/mobiledx-ios-sdk-messenger/GenesysCloudMessenger-Dev.podspec"

SPEC CHECKSUMS:
  GenesysCloud: e612cd4dd81e326b0080f3899b1681b612d72806
  GenesysCloudAccessibility: 5703a659cb0f0de4581d827db02c49f453e10326
  GenesysCloudBold: 43191bbacd10c67c837bc1393afe2e2e87fe66d1
  GenesysCloudBot: 1e69d73609dd5ba794c7a38203a79096415e94f5
  GenesysCloudCore: f462ebe001cfa9e8492a3c83edfd4a353bb3dcfc
  GenesysCloudMessenger: 154e644c362dac99c502e0132bd9f09ec11ee5d7
  GenesysCloudMessengerTransport: fbc1ff7de81ee15346c3f9dd21078d400b6be435

PODFILE CHECKSUM: 90b5665476de37ed78936ec4f0a27eb20332a493

COCOAPODS: 1.12.1
